// !$*UTF8*$!
{
	archiveVersion = 1;
	classes = {
	};
	objectVersion = 51;
	objects = {

/* Begin PBXBuildFile section */
		4B5AA2992396656200275E29 /* Image.swift in Sources */ = {isa = PBXBuildFile; fileRef = 4B5AA2982396656200275E29 /* Image.swift */; };
		4B5AA29D23969A6900275E29 /* CharactersTableViewCell.swift in Sources */ = {isa = PBXBuildFile; fileRef = 4B5AA29C23969A6900275E29 /* CharactersTableViewCell.swift */; };
		4B646D98239A69A6007FC879 /* Enums.swift in Sources */ = {isa = PBXBuildFile; fileRef = 4B646D97239A69A6007FC879 /* Enums.swift */; };
		4B76DF1D23944E71008F63AD /* AppDelegate.swift in Sources */ = {isa = PBXBuildFile; fileRef = 4B76DF1C23944E71008F63AD /* AppDelegate.swift */; };
		4B76DF2123944E71008F63AD /* CharactersViewController.swift in Sources */ = {isa = PBXBuildFile; fileRef = 4B76DF2023944E71008F63AD /* CharactersViewController.swift */; };
		4B76DF2623944E74008F63AD /* Assets.xcassets in Resources */ = {isa = PBXBuildFile; fileRef = 4B76DF2523944E74008F63AD /* Assets.xcassets */; };
		4B76DF2923944E74008F63AD /* LaunchScreen.storyboard in Resources */ = {isa = PBXBuildFile; fileRef = 4B76DF2723944E74008F63AD /* LaunchScreen.storyboard */; };
		4B76DF3223945EF4008F63AD /* CharactersRouter.swift in Sources */ = {isa = PBXBuildFile; fileRef = 4B76DF3123945EF4008F63AD /* CharactersRouter.swift */; };
		4B76DF3423945F03008F63AD /* CharactersPresenter.swift in Sources */ = {isa = PBXBuildFile; fileRef = 4B76DF3323945F03008F63AD /* CharactersPresenter.swift */; };
		4B76DF36239460FA008F63AD /* ControllerBuilder.swift in Sources */ = {isa = PBXBuildFile; fileRef = 4B76DF35239460FA008F63AD /* ControllerBuilder.swift */; };
		4B76DF3D23951C28008F63AD /* CharacterDataWrapper.swift in Sources */ = {isa = PBXBuildFile; fileRef = 4B76DF3C23951C28008F63AD /* CharacterDataWrapper.swift */; };
		4B76DF3F23951C75008F63AD /* CharacterDataContainer.swift in Sources */ = {isa = PBXBuildFile; fileRef = 4B76DF3E23951C75008F63AD /* CharacterDataContainer.swift */; };
		4B76DF4123951CB6008F63AD /* Character.swift in Sources */ = {isa = PBXBuildFile; fileRef = 4B76DF4023951CB6008F63AD /* Character.swift */; };
		4B76DF43239529D3008F63AD /* Exprensions.swift in Sources */ = {isa = PBXBuildFile; fileRef = 4B76DF42239529D2008F63AD /* Exprensions.swift */; };
		4B76DF4523956056008F63AD /* Repository.swift in Sources */ = {isa = PBXBuildFile; fileRef = 4B76DF4423956056008F63AD /* Repository.swift */; };
		4B76DF47239560F4008F63AD /* RemoteDataService.swift in Sources */ = {isa = PBXBuildFile; fileRef = 4B76DF46239560F4008F63AD /* RemoteDataService.swift */; };
		4B7AEF25239975CC00512763 /* CharacterInfoTableViewCell.swift in Sources */ = {isa = PBXBuildFile; fileRef = 4B7AEF24239975CC00512763 /* CharacterInfoTableViewCell.swift */; };
		4BDF108323986660003D46EB /* CharacterInfoViewController.swift in Sources */ = {isa = PBXBuildFile; fileRef = 4BDF108223986660003D46EB /* CharacterInfoViewController.swift */; };
		4BDF1085239866A0003D46EB /* CharacterInfoViewPresenter.swift in Sources */ = {isa = PBXBuildFile; fileRef = 4BDF1084239866A0003D46EB /* CharacterInfoViewPresenter.swift */; };
		4BDF1089239866CF003D46EB /* CharacterInfoRouter.swift in Sources */ = {isa = PBXBuildFile; fileRef = 4BDF1088239866CF003D46EB /* CharacterInfoRouter.swift */; };
		4BDF1091239969D8003D46EB /* ComicDataWrapper.swift in Sources */ = {isa = PBXBuildFile; fileRef = 4BDF1090239969D8003D46EB /* ComicDataWrapper.swift */; };
		4BDF109323996A0D003D46EB /* ComicDataContainer.swift in Sources */ = {isa = PBXBuildFile; fileRef = 4BDF109223996A0D003D46EB /* ComicDataContainer.swift */; };
		4BDF109523996A33003D46EB /* Comic.swift in Sources */ = {isa = PBXBuildFile; fileRef = 4BDF109423996A33003D46EB /* Comic.swift */; };
		4BDF109A23996EE7003D46EB /* ComicDate.swift in Sources */ = {isa = PBXBuildFile; fileRef = 4BDF109923996EE7003D46EB /* ComicDate.swift */; };
		FB3885B72D9D97D17514B6F1 /* Pods_MarvelHeroes.framework in Frameworks */ = {isa = PBXBuildFile; fileRef = 269B67D8D20890A5CA4F91D6 /* Pods_MarvelHeroes.framework */; };
/* End PBXBuildFile section */

/* Begin PBXFileReference section */
		269B67D8D20890A5CA4F91D6 /* Pods_MarvelHeroes.framework */ = {isa = PBXFileReference; explicitFileType = wrapper.framework; includeInIndex = 0; path = Pods_MarvelHeroes.framework; sourceTree = BUILT_PRODUCTS_DIR; };
		4B5AA2982396656200275E29 /* Image.swift */ = {isa = PBXFileReference; lastKnownFileType = sourcecode.swift; path = Image.swift; sourceTree = "<group>"; };
		4B5AA29C23969A6900275E29 /* CharactersTableViewCell.swift */ = {isa = PBXFileReference; lastKnownFileType = sourcecode.swift; path = CharactersTableViewCell.swift; sourceTree = "<group>"; };
		4B646D97239A69A6007FC879 /* Enums.swift */ = {isa = PBXFileReference; lastKnownFileType = sourcecode.swift; path = Enums.swift; sourceTree = "<group>"; };
		4B76DF1923944E71008F63AD /* MarvelHeroes.app */ = {isa = PBXFileReference; explicitFileType = wrapper.application; includeInIndex = 0; path = MarvelHeroes.app; sourceTree = BUILT_PRODUCTS_DIR; };
		4B76DF1C23944E71008F63AD /* AppDelegate.swift */ = {isa = PBXFileReference; lastKnownFileType = sourcecode.swift; path = AppDelegate.swift; sourceTree = "<group>"; };
		4B76DF2023944E71008F63AD /* CharactersViewController.swift */ = {isa = PBXFileReference; lastKnownFileType = sourcecode.swift; path = CharactersViewController.swift; sourceTree = "<group>"; };
		4B76DF2523944E74008F63AD /* Assets.xcassets */ = {isa = PBXFileReference; lastKnownFileType = folder.assetcatalog; path = Assets.xcassets; sourceTree = "<group>"; };
		4B76DF2823944E74008F63AD /* Base */ = {isa = PBXFileReference; lastKnownFileType = file.storyboard; name = Base; path = Base.lproj/LaunchScreen.storyboard; sourceTree = "<group>"; };
		4B76DF2A23944E74008F63AD /* Info.plist */ = {isa = PBXFileReference; lastKnownFileType = text.plist.xml; path = Info.plist; sourceTree = "<group>"; };
		4B76DF3123945EF4008F63AD /* CharactersRouter.swift */ = {isa = PBXFileReference; lastKnownFileType = sourcecode.swift; path = CharactersRouter.swift; sourceTree = "<group>"; };
		4B76DF3323945F03008F63AD /* CharactersPresenter.swift */ = {isa = PBXFileReference; lastKnownFileType = sourcecode.swift; path = CharactersPresenter.swift; sourceTree = "<group>"; };
		4B76DF35239460FA008F63AD /* ControllerBuilder.swift */ = {isa = PBXFileReference; lastKnownFileType = sourcecode.swift; path = ControllerBuilder.swift; sourceTree = "<group>"; };
		4B76DF3C23951C28008F63AD /* CharacterDataWrapper.swift */ = {isa = PBXFileReference; lastKnownFileType = sourcecode.swift; path = CharacterDataWrapper.swift; sourceTree = "<group>"; };
		4B76DF3E23951C75008F63AD /* CharacterDataContainer.swift */ = {isa = PBXFileReference; lastKnownFileType = sourcecode.swift; path = CharacterDataContainer.swift; sourceTree = "<group>"; };
		4B76DF4023951CB6008F63AD /* Character.swift */ = {isa = PBXFileReference; lastKnownFileType = sourcecode.swift; path = Character.swift; sourceTree = "<group>"; };
		4B76DF42239529D2008F63AD /* Exprensions.swift */ = {isa = PBXFileReference; lastKnownFileType = sourcecode.swift; path = Exprensions.swift; sourceTree = "<group>"; };
		4B76DF4423956056008F63AD /* Repository.swift */ = {isa = PBXFileReference; lastKnownFileType = sourcecode.swift; path = Repository.swift; sourceTree = "<group>"; };
		4B76DF46239560F4008F63AD /* RemoteDataService.swift */ = {isa = PBXFileReference; lastKnownFileType = sourcecode.swift; path = RemoteDataService.swift; sourceTree = "<group>"; };
		4B7AEF24239975CC00512763 /* CharacterInfoTableViewCell.swift */ = {isa = PBXFileReference; lastKnownFileType = sourcecode.swift; path = CharacterInfoTableViewCell.swift; sourceTree = "<group>"; };
		4BDF108223986660003D46EB /* CharacterInfoViewController.swift */ = {isa = PBXFileReference; lastKnownFileType = sourcecode.swift; path = CharacterInfoViewController.swift; sourceTree = "<group>"; };
		4BDF1084239866A0003D46EB /* CharacterInfoViewPresenter.swift */ = {isa = PBXFileReference; lastKnownFileType = sourcecode.swift; path = CharacterInfoViewPresenter.swift; sourceTree = "<group>"; };
		4BDF1088239866CF003D46EB /* CharacterInfoRouter.swift */ = {isa = PBXFileReference; lastKnownFileType = sourcecode.swift; path = CharacterInfoRouter.swift; sourceTree = "<group>"; };
		4BDF1090239969D8003D46EB /* ComicDataWrapper.swift */ = {isa = PBXFileReference; lastKnownFileType = sourcecode.swift; path = ComicDataWrapper.swift; sourceTree = "<group>"; };
		4BDF109223996A0D003D46EB /* ComicDataContainer.swift */ = {isa = PBXFileReference; lastKnownFileType = sourcecode.swift; path = ComicDataContainer.swift; sourceTree = "<group>"; };
		4BDF109423996A33003D46EB /* Comic.swift */ = {isa = PBXFileReference; lastKnownFileType = sourcecode.swift; path = Comic.swift; sourceTree = "<group>"; };
		4BDF109923996EE7003D46EB /* ComicDate.swift */ = {isa = PBXFileReference; lastKnownFileType = sourcecode.swift; path = ComicDate.swift; sourceTree = "<group>"; };
		687CB5A5997202C053DF5B85 /* Pods-MarvelHeroes.debug.xcconfig */ = {isa = PBXFileReference; includeInIndex = 1; lastKnownFileType = text.xcconfig; name = "Pods-MarvelHeroes.debug.xcconfig"; path = "Target Support Files/Pods-MarvelHeroes/Pods-MarvelHeroes.debug.xcconfig"; sourceTree = "<group>"; };
		CBC63AB958A090FBF80D3DEE /* Pods-MarvelHeroes.release.xcconfig */ = {isa = PBXFileReference; includeInIndex = 1; lastKnownFileType = text.xcconfig; name = "Pods-MarvelHeroes.release.xcconfig"; path = "Target Support Files/Pods-MarvelHeroes/Pods-MarvelHeroes.release.xcconfig"; sourceTree = "<group>"; };
/* End PBXFileReference section */

/* Begin PBXFrameworksBuildPhase section */
		4B76DF1623944E71008F63AD /* Frameworks */ = {
			isa = PBXFrameworksBuildPhase;
			buildActionMask = 2147483647;
			files = (
				FB3885B72D9D97D17514B6F1 /* Pods_MarvelHeroes.framework in Frameworks */,
			);
			runOnlyForDeploymentPostprocessing = 0;
		};
/* End PBXFrameworksBuildPhase section */

/* Begin PBXGroup section */
		4B76DF1023944E71008F63AD = {
			isa = PBXGroup;
			children = (
				4B76DF1B23944E71008F63AD /* MarvelHeroes */,
				4B76DF1A23944E71008F63AD /* Products */,
				F0A79F7ADFDDF129E1C7935D /* Pods */,
				C7A0C3C5C89733C9A2422343 /* Frameworks */,
			);
			sourceTree = "<group>";
		};
		4B76DF1A23944E71008F63AD /* Products */ = {
			isa = PBXGroup;
			children = (
				4B76DF1923944E71008F63AD /* MarvelHeroes.app */,
			);
			name = Products;
			sourceTree = "<group>";
		};
		4B76DF1B23944E71008F63AD /* MarvelHeroes */ = {
			isa = PBXGroup;
			children = (
				4B76DF1C23944E71008F63AD /* AppDelegate.swift */,
				4B76DF42239529D2008F63AD /* Exprensions.swift */,
				4B646D97239A69A6007FC879 /* Enums.swift */,
				4B76DF35239460FA008F63AD /* ControllerBuilder.swift */,
				4B76DF46239560F4008F63AD /* RemoteDataService.swift */,
				4B76DF4423956056008F63AD /* Repository.swift */,
				4BDF109823996BD6003D46EB /* JSONModel */,
				4BDF108123986622003D46EB /* CharacterInfo */,
				4B76DF3023945ECD008F63AD /* Characters */,
				4B76DF2523944E74008F63AD /* Assets.xcassets */,
				4B76DF2723944E74008F63AD /* LaunchScreen.storyboard */,
				4B76DF2A23944E74008F63AD /* Info.plist */,
			);
			path = MarvelHeroes;
			sourceTree = "<group>";
		};
		4B76DF3023945ECD008F63AD /* Characters */ = {
			isa = PBXGroup;
			children = (
				4B76DF2023944E71008F63AD /* CharactersViewController.swift */,
				4B76DF3123945EF4008F63AD /* CharactersRouter.swift */,
				4B76DF3323945F03008F63AD /* CharactersPresenter.swift */,
				4B5AA29C23969A6900275E29 /* CharactersTableViewCell.swift */,
			);
			path = Characters;
			sourceTree = "<group>";
		};
		4B76DF3B23951C14008F63AD /* CharactersModel */ = {
			isa = PBXGroup;
			children = (
				4B76DF3C23951C28008F63AD /* CharacterDataWrapper.swift */,
				4B76DF3E23951C75008F63AD /* CharacterDataContainer.swift */,
				4B76DF4023951CB6008F63AD /* Character.swift */,
			);
			path = CharactersModel;
			sourceTree = "<group>";
		};
		4BDF108123986622003D46EB /* CharacterInfo */ = {
			isa = PBXGroup;
			children = (
				4BDF108223986660003D46EB /* CharacterInfoViewController.swift */,
				4BDF1084239866A0003D46EB /* CharacterInfoViewPresenter.swift */,
				4BDF1088239866CF003D46EB /* CharacterInfoRouter.swift */,
				4B7AEF24239975CC00512763 /* CharacterInfoTableViewCell.swift */,
			);
			path = CharacterInfo;
			sourceTree = "<group>";
		};
		4BDF108F239969C9003D46EB /* ComicsModel */ = {
			isa = PBXGroup;
			children = (
				4BDF109423996A33003D46EB /* Comic.swift */,
				4BDF1090239969D8003D46EB /* ComicDataWrapper.swift */,
				4BDF109223996A0D003D46EB /* ComicDataContainer.swift */,
				4BDF109923996EE7003D46EB /* ComicDate.swift */,
			);
			path = ComicsModel;
			sourceTree = "<group>";
		};
		4BDF109823996BD6003D46EB /* JSONModel */ = {
			isa = PBXGroup;
			children = (
				4B5AA2982396656200275E29 /* Image.swift */,
				4B76DF3B23951C14008F63AD /* CharactersModel */,
				4BDF108F239969C9003D46EB /* ComicsModel */,
			);
			path = JSONModel;
			sourceTree = "<group>";
		};
		C7A0C3C5C89733C9A2422343 /* Frameworks */ = {
			isa = PBXGroup;
			children = (
				269B67D8D20890A5CA4F91D6 /* Pods_MarvelHeroes.framework */,
			);
			name = Frameworks;
			sourceTree = "<group>";
		};
		F0A79F7ADFDDF129E1C7935D /* Pods */ = {
			isa = PBXGroup;
			children = (
				687CB5A5997202C053DF5B85 /* Pods-MarvelHeroes.debug.xcconfig */,
				CBC63AB958A090FBF80D3DEE /* Pods-MarvelHeroes.release.xcconfig */,
			);
			path = Pods;
			sourceTree = "<group>";
		};
/* End PBXGroup section */

/* Begin PBXNativeTarget section */
		4B76DF1823944E71008F63AD /* MarvelHeroes */ = {
			isa = PBXNativeTarget;
			buildConfigurationList = 4B76DF2D23944E74008F63AD /* Build configuration list for PBXNativeTarget "MarvelHeroes" */;
			buildPhases = (
				11A973E93B5BD52FD6B579CA /* [CP] Check Pods Manifest.lock */,
				4B76DF1523944E71008F63AD /* Sources */,
				4B76DF1623944E71008F63AD /* Frameworks */,
				4B76DF1723944E71008F63AD /* Resources */,
				D3C03F28ACABE756E7B4D19A /* [CP] Embed Pods Frameworks */,
				4BDF107E2397F02C003D46EB /* SwiftLint */,
			);
			buildRules = (
			);
			dependencies = (
			);
			name = MarvelHeroes;
			productName = MarvelHeroes;
			productReference = 4B76DF1923944E71008F63AD /* MarvelHeroes.app */;
			productType = "com.apple.product-type.application";
		};
/* End PBXNativeTarget section */

/* Begin PBXProject section */
		4B76DF1123944E71008F63AD /* Project object */ = {
			isa = PBXProject;
			attributes = {
				LastSwiftUpdateCheck = 1120;
				LastUpgradeCheck = 1120;
				ORGANIZATIONNAME = "Максим Шалашников";
				TargetAttributes = {
					4B76DF1823944E71008F63AD = {
						CreatedOnToolsVersion = 11.2.1;
					};
				};
			};
			buildConfigurationList = 4B76DF1423944E71008F63AD /* Build configuration list for PBXProject "MarvelHeroes" */;
			compatibilityVersion = "Xcode 9.3";
			developmentRegion = en;
			hasScannedForEncodings = 0;
			knownRegions = (
				en,
				Base,
			);
			mainGroup = 4B76DF1023944E71008F63AD;
			productRefGroup = 4B76DF1A23944E71008F63AD /* Products */;
			projectDirPath = "";
			projectRoot = "";
			targets = (
				4B76DF1823944E71008F63AD /* MarvelHeroes */,
			);
		};
/* End PBXProject section */

/* Begin PBXResourcesBuildPhase section */
		4B76DF1723944E71008F63AD /* Resources */ = {
			isa = PBXResourcesBuildPhase;
			buildActionMask = 2147483647;
			files = (
				4B76DF2923944E74008F63AD /* LaunchScreen.storyboard in Resources */,
				4B76DF2623944E74008F63AD /* Assets.xcassets in Resources */,
			);
			runOnlyForDeploymentPostprocessing = 0;
		};
/* End PBXResourcesBuildPhase section */

/* Begin PBXShellScriptBuildPhase section */
		11A973E93B5BD52FD6B579CA /* [CP] Check Pods Manifest.lock */ = {
			isa = PBXShellScriptBuildPhase;
			buildActionMask = 2147483647;
			files = (
			);
			inputFileListPaths = (
			);
			inputPaths = (
				"${PODS_PODFILE_DIR_PATH}/Podfile.lock",
				"${PODS_ROOT}/Manifest.lock",
			);
			name = "[CP] Check Pods Manifest.lock";
			outputFileListPaths = (
			);
			outputPaths = (
				"$(DERIVED_FILE_DIR)/Pods-MarvelHeroes-checkManifestLockResult.txt",
			);
			runOnlyForDeploymentPostprocessing = 0;
			shellPath = /bin/sh;
			shellScript = "diff \"${PODS_PODFILE_DIR_PATH}/Podfile.lock\" \"${PODS_ROOT}/Manifest.lock\" > /dev/null\nif [ $? != 0 ] ; then\n    # print error to STDERR\n    echo \"error: The sandbox is not in sync with the Podfile.lock. Run 'pod install' or update your CocoaPods installation.\" >&2\n    exit 1\nfi\n# This output is used by Xcode 'outputs' to avoid re-running this script phase.\necho \"SUCCESS\" > \"${SCRIPT_OUTPUT_FILE_0}\"\n";
			showEnvVarsInLog = 0;
		};
		4BDF107E2397F02C003D46EB /* SwiftLint */ = {
			isa = PBXShellScriptBuildPhase;
			buildActionMask = 2147483647;
			files = (
			);
			inputFileListPaths = (
			);
			inputPaths = (
			);
			name = SwiftLint;
			outputFileListPaths = (
			);
			outputPaths = (
			);
			runOnlyForDeploymentPostprocessing = 0;
			shellPath = /bin/sh;
			shellScript = "if which swiftlint >/dev/null; then\n  swiftlint\nelse\n  echo \"warning: SwiftLint not installed, download from https://github.com/realm/SwiftLint\"\nfi\n";
		};
		D3C03F28ACABE756E7B4D19A /* [CP] Embed Pods Frameworks */ = {
			isa = PBXShellScriptBuildPhase;
			buildActionMask = 2147483647;
			files = (
			);
			inputFileListPaths = (
				"${PODS_ROOT}/Target Support Files/Pods-MarvelHeroes/Pods-MarvelHeroes-frameworks-${CONFIGURATION}-input-files.xcfilelist",
			);
			name = "[CP] Embed Pods Frameworks";
			outputFileListPaths = (
				"${PODS_ROOT}/Target Support Files/Pods-MarvelHeroes/Pods-MarvelHeroes-frameworks-${CONFIGURATION}-output-files.xcfilelist",
			);
			runOnlyForDeploymentPostprocessing = 0;
			shellPath = /bin/sh;
			shellScript = "\"${PODS_ROOT}/Target Support Files/Pods-MarvelHeroes/Pods-MarvelHeroes-frameworks.sh\"\n";
			showEnvVarsInLog = 0;
		};
/* End PBXShellScriptBuildPhase section */

/* Begin PBXSourcesBuildPhase section */
		4B76DF1523944E71008F63AD /* Sources */ = {
			isa = PBXSourcesBuildPhase;
			buildActionMask = 2147483647;
			files = (
				4B76DF2123944E71008F63AD /* CharactersViewController.swift in Sources */,
				4BDF1091239969D8003D46EB /* ComicDataWrapper.swift in Sources */,
				4BDF109323996A0D003D46EB /* ComicDataContainer.swift in Sources */,
				4B7AEF25239975CC00512763 /* CharacterInfoTableViewCell.swift in Sources */,
				4BDF1089239866CF003D46EB /* CharacterInfoRouter.swift in Sources */,
				4B76DF4123951CB6008F63AD /* Character.swift in Sources */,
				4B5AA29D23969A6900275E29 /* CharactersTableViewCell.swift in Sources */,
				4B76DF3D23951C28008F63AD /* CharacterDataWrapper.swift in Sources */,
				4B646D98239A69A6007FC879 /* Enums.swift in Sources */,
				4B76DF3F23951C75008F63AD /* CharacterDataContainer.swift in Sources */,
				4B76DF4523956056008F63AD /* Repository.swift in Sources */,
				4B76DF1D23944E71008F63AD /* AppDelegate.swift in Sources */,
				4B76DF47239560F4008F63AD /* RemoteDataService.swift in Sources */,
				4B76DF3423945F03008F63AD /* CharactersPresenter.swift in Sources */,
				4B5AA2992396656200275E29 /* Image.swift in Sources */,
				4BDF108323986660003D46EB /* CharacterInfoViewController.swift in Sources */,
				4BDF109523996A33003D46EB /* Comic.swift in Sources */,
				4B76DF3223945EF4008F63AD /* CharactersRouter.swift in Sources */,
				4BDF1085239866A0003D46EB /* CharacterInfoViewPresenter.swift in Sources */,
				4BDF109A23996EE7003D46EB /* ComicDate.swift in Sources */,
				4B76DF43239529D3008F63AD /* Exprensions.swift in Sources */,
				4B76DF36239460FA008F63AD /* ControllerBuilder.swift in Sources */,
			);
			runOnlyForDeploymentPostprocessing = 0;
		};
/* End PBXSourcesBuildPhase section */

/* Begin PBXVariantGroup section */
		4B76DF2723944E74008F63AD /* LaunchScreen.storyboard */ = {
			isa = PBXVariantGroup;
			children = (
				4B76DF2823944E74008F63AD /* Base */,
			);
			name = LaunchScreen.storyboard;
			sourceTree = "<group>";
		};
/* End PBXVariantGroup section */

/* Begin XCBuildConfiguration section */
		4B76DF2B23944E74008F63AD /* Debug */ = {
			isa = XCBuildConfiguration;
			buildSettings = {
				ALWAYS_SEARCH_USER_PATHS = NO;
				CLANG_ANALYZER_NONNULL = YES;
				CLANG_ANALYZER_NUMBER_OBJECT_CONVERSION = YES_AGGRESSIVE;
				CLANG_CXX_LANGUAGE_STANDARD = "gnu++14";
				CLANG_CXX_LIBRARY = "libc++";
				CLANG_ENABLE_MODULES = YES;
				CLANG_ENABLE_OBJC_ARC = YES;
				CLANG_ENABLE_OBJC_WEAK = YES;
				CLANG_WARN_BLOCK_CAPTURE_AUTORELEASING = YES;
				CLANG_WARN_BOOL_CONVERSION = YES;
				CLANG_WARN_COMMA = YES;
				CLANG_WARN_CONSTANT_CONVERSION = YES;
				CLANG_WARN_DEPRECATED_OBJC_IMPLEMENTATIONS = YES;
				CLANG_WARN_DIRECT_OBJC_ISA_USAGE = YES_ERROR;
				CLANG_WARN_DOCUMENTATION_COMMENTS = YES;
				CLANG_WARN_EMPTY_BODY = YES;
				CLANG_WARN_ENUM_CONVERSION = YES;
				CLANG_WARN_INFINITE_RECURSION = YES;
				CLANG_WARN_INT_CONVERSION = YES;
				CLANG_WARN_NON_LITERAL_NULL_CONVERSION = YES;
				CLANG_WARN_OBJC_IMPLICIT_RETAIN_SELF = YES;
				CLANG_WARN_OBJC_LITERAL_CONVERSION = YES;
				CLANG_WARN_OBJC_ROOT_CLASS = YES_ERROR;
				CLANG_WARN_RANGE_LOOP_ANALYSIS = YES;
				CLANG_WARN_STRICT_PROTOTYPES = YES;
				CLANG_WARN_SUSPICIOUS_MOVE = YES;
				CLANG_WARN_UNGUARDED_AVAILABILITY = YES_AGGRESSIVE;
				CLANG_WARN_UNREACHABLE_CODE = YES;
				CLANG_WARN__DUPLICATE_METHOD_MATCH = YES;
				COPY_PHASE_STRIP = NO;
				DEBUG_INFORMATION_FORMAT = dwarf;
				ENABLE_STRICT_OBJC_MSGSEND = YES;
				ENABLE_TESTABILITY = YES;
				GCC_C_LANGUAGE_STANDARD = gnu11;
				GCC_DYNAMIC_NO_PIC = NO;
				GCC_NO_COMMON_BLOCKS = YES;
				GCC_OPTIMIZATION_LEVEL = 0;
				GCC_PREPROCESSOR_DEFINITIONS = (
					"DEBUG=1",
					"$(inherited)",
				);
				GCC_WARN_64_TO_32_BIT_CONVERSION = YES;
				GCC_WARN_ABOUT_RETURN_TYPE = YES_ERROR;
				GCC_WARN_UNDECLARED_SELECTOR = YES;
				GCC_WARN_UNINITIALIZED_AUTOS = YES_AGGRESSIVE;
				GCC_WARN_UNUSED_FUNCTION = YES;
				GCC_WARN_UNUSED_VARIABLE = YES;
				IPHONEOS_DEPLOYMENT_TARGET = 13.2;
				MTL_ENABLE_DEBUG_INFO = INCLUDE_SOURCE;
				MTL_FAST_MATH = YES;
				ONLY_ACTIVE_ARCH = YES;
				SDKROOT = iphoneos;
				SWIFT_ACTIVE_COMPILATION_CONDITIONS = DEBUG;
				SWIFT_OPTIMIZATION_LEVEL = "-Onone";
			};
			name = Debug;
		};
		4B76DF2C23944E74008F63AD /* Release */ = {
			isa = XCBuildConfiguration;
			buildSettings = {
				ALWAYS_SEARCH_USER_PATHS = NO;
				CLANG_ANALYZER_NONNULL = YES;
				CLANG_ANALYZER_NUMBER_OBJECT_CONVERSION = YES_AGGRESSIVE;
				CLANG_CXX_LANGUAGE_STANDARD = "gnu++14";
				CLANG_CXX_LIBRARY = "libc++";
				CLANG_ENABLE_MODULES = YES;
				CLANG_ENABLE_OBJC_ARC = YES;
				CLANG_ENABLE_OBJC_WEAK = YES;
				CLANG_WARN_BLOCK_CAPTURE_AUTORELEASING = YES;
				CLANG_WARN_BOOL_CONVERSION = YES;
				CLANG_WARN_COMMA = YES;
				CLANG_WARN_CONSTANT_CONVERSION = YES;
				CLANG_WARN_DEPRECATED_OBJC_IMPLEMENTATIONS = YES;
				CLANG_WARN_DIRECT_OBJC_ISA_USAGE = YES_ERROR;
				CLANG_WARN_DOCUMENTATION_COMMENTS = YES;
				CLANG_WARN_EMPTY_BODY = YES;
				CLANG_WARN_ENUM_CONVERSION = YES;
				CLANG_WARN_INFINITE_RECURSION = YES;
				CLANG_WARN_INT_CONVERSION = YES;
				CLANG_WARN_NON_LITERAL_NULL_CONVERSION = YES;
				CLANG_WARN_OBJC_IMPLICIT_RETAIN_SELF = YES;
				CLANG_WARN_OBJC_LITERAL_CONVERSION = YES;
				CLANG_WARN_OBJC_ROOT_CLASS = YES_ERROR;
				CLANG_WARN_RANGE_LOOP_ANALYSIS = YES;
				CLANG_WARN_STRICT_PROTOTYPES = YES;
				CLANG_WARN_SUSPICIOUS_MOVE = YES;
				CLANG_WARN_UNGUARDED_AVAILABILITY = YES_AGGRESSIVE;
				CLANG_WARN_UNREACHABLE_CODE = YES;
				CLANG_WARN__DUPLICATE_METHOD_MATCH = YES;
				COPY_PHASE_STRIP = NO;
				DEBUG_INFORMATION_FORMAT = "dwarf-with-dsym";
				ENABLE_NS_ASSERTIONS = NO;
				ENABLE_STRICT_OBJC_MSGSEND = YES;
				GCC_C_LANGUAGE_STANDARD = gnu11;
				GCC_NO_COMMON_BLOCKS = YES;
				GCC_WARN_64_TO_32_BIT_CONVERSION = YES;
				GCC_WARN_ABOUT_RETURN_TYPE = YES_ERROR;
				GCC_WARN_UNDECLARED_SELECTOR = YES;
				GCC_WARN_UNINITIALIZED_AUTOS = YES_AGGRESSIVE;
				GCC_WARN_UNUSED_FUNCTION = YES;
				GCC_WARN_UNUSED_VARIABLE = YES;
				IPHONEOS_DEPLOYMENT_TARGET = 13.2;
				MTL_ENABLE_DEBUG_INFO = NO;
				MTL_FAST_MATH = YES;
				SDKROOT = iphoneos;
				SWIFT_COMPILATION_MODE = wholemodule;
				SWIFT_OPTIMIZATION_LEVEL = "-O";
				VALIDATE_PRODUCT = YES;
			};
			name = Release;
		};
		4B76DF2E23944E74008F63AD /* Debug */ = {
			isa = XCBuildConfiguration;
			baseConfigurationReference = 687CB5A5997202C053DF5B85 /* Pods-MarvelHeroes.debug.xcconfig */;
			buildSettings = {
				ASSETCATALOG_COMPILER_APPICON_NAME = AppIcon;
				CODE_SIGN_STYLE = Automatic;
				DEVELOPMENT_TEAM = JJLJJKU7AK;
				INFOPLIST_FILE = MarvelHeroes/Info.plist;
				IPHONEOS_DEPLOYMENT_TARGET = 11.0;
				LD_RUNPATH_SEARCH_PATHS = (
					"$(inherited)",
					"@executable_path/Frameworks",
				);
				PRODUCT_BUNDLE_IDENTIFIER = MyCompany.MarvelHeroes;
				PRODUCT_NAME = "$(TARGET_NAME)";
				SWIFT_VERSION = 5.0;
				TARGETED_DEVICE_FAMILY = 1;
			};
			name = Debug;
		};
		4B76DF2F23944E74008F63AD /* Release */ = {
			isa = XCBuildConfiguration;
			baseConfigurationReference = CBC63AB958A090FBF80D3DEE /* Pods-MarvelHeroes.release.xcconfig */;
			buildSettings = {
				ASSETCATALOG_COMPILER_APPICON_NAME = AppIcon;
				CODE_SIGN_STYLE = Automatic;
				DEVELOPMENT_TEAM = JJLJJKU7AK;
				INFOPLIST_FILE = MarvelHeroes/Info.plist;
				IPHONEOS_DEPLOYMENT_TARGET = 11.0;
				LD_RUNPATH_SEARCH_PATHS = (
					"$(inherited)",
					"@executable_path/Frameworks",
				);
				PRODUCT_BUNDLE_IDENTIFIER = MyCompany.MarvelHeroes;
				PRODUCT_NAME = "$(TARGET_NAME)";
				SWIFT_VERSION = 5.0;
				TARGETED_DEVICE_FAMILY = 1;
			};
			name = Release;
		};
/* End XCBuildConfiguration section */

/* Begin XCConfigurationList section */
		4B76DF1423944E71008F63AD /* Build configuration list for PBXProject "MarvelHeroes" */ = {
			isa = XCConfigurationList;
			buildConfigurations = (
				4B76DF2B23944E74008F63AD /* Debug */,
				4B76DF2C23944E74008F63AD /* Release */,
			);
			defaultConfigurationIsVisible = 0;
			defaultConfigurationName = Release;
		};
		4B76DF2D23944E74008F63AD /* Build configuration list for PBXNativeTarget "MarvelHeroes" */ = {
			isa = XCConfigurationList;
			buildConfigurations = (
				4B76DF2E23944E74008F63AD /* Debug */,
				4B76DF2F23944E74008F63AD /* Release */,
			);
			defaultConfigurationIsVisible = 0;
			defaultConfigurationName = Release;
		};
/* End XCConfigurationList section */
	};
	rootObject = 4B76DF1123944E71008F63AD /* Project object */;
}
