// !$*UTF8*$!
{
	archiveVersion = 1;
	classes = {
	};
	objectVersion = 50;
	objects = {

/* Begin PBXBuildFile section */
		5849C296239400F40046BCB3 /* AppDelegate.swift in Sources */ = {isa = PBXBuildFile; fileRef = 5849C295239400F40046BCB3 /* AppDelegate.swift */; };
		5849C29F239400F50046BCB3 /* Assets.xcassets in Resources */ = {isa = PBXBuildFile; fileRef = 5849C29E239400F50046BCB3 /* Assets.xcassets */; };
		5849C2A2239400F50046BCB3 /* LaunchScreen.storyboard in Resources */ = {isa = PBXBuildFile; fileRef = 5849C2A0239400F50046BCB3 /* LaunchScreen.storyboard */; };
		5849C2AB239408730046BCB3 /* CharacterDataWrapper.swift in Sources */ = {isa = PBXBuildFile; fileRef = 5849C2AA239408730046BCB3 /* CharacterDataWrapper.swift */; };
		5849C2AD23940B800046BCB3 /* NetworkService.swift in Sources */ = {isa = PBXBuildFile; fileRef = 5849C2AC23940B800046BCB3 /* NetworkService.swift */; };
		5849C2AF239417CE0046BCB3 /* String+md5.swift in Sources */ = {isa = PBXBuildFile; fileRef = 5849C2AE239417CE0046BCB3 /* String+md5.swift */; };
		5849C2B4239433560046BCB3 /* ComicDataWrapper.swift in Sources */ = {isa = PBXBuildFile; fileRef = 5849C2B3239433560046BCB3 /* ComicDataWrapper.swift */; };
		5849C2B623943C0A0046BCB3 /* Thumbnail.swift in Sources */ = {isa = PBXBuildFile; fileRef = 5849C2B523943C0A0046BCB3 /* Thumbnail.swift */; };
		5849C2B823943C740046BCB3 /* Lists.swift in Sources */ = {isa = PBXBuildFile; fileRef = 5849C2B723943C740046BCB3 /* Lists.swift */; };
		5849C2BA23943CE60046BCB3 /* URLElement.swift in Sources */ = {isa = PBXBuildFile; fileRef = 5849C2B923943CE60046BCB3 /* URLElement.swift */; };
		586639D523944998009EC907 /* ComicDate.swift in Sources */ = {isa = PBXBuildFile; fileRef = 586639D423944998009EC907 /* ComicDate.swift */; };
		586639D723944A0A009EC907 /* Format.swift in Sources */ = {isa = PBXBuildFile; fileRef = 586639D623944A0A009EC907 /* Format.swift */; };
		586639D923944A26009EC907 /* ComicPrice.swift in Sources */ = {isa = PBXBuildFile; fileRef = 586639D823944A26009EC907 /* ComicPrice.swift */; };
		586639DB23944A4F009EC907 /* TextObject.swift in Sources */ = {isa = PBXBuildFile; fileRef = 586639DA23944A4F009EC907 /* TextObject.swift */; };
		58AD6A7F23946A22000041BF /* DecoderService.swift in Sources */ = {isa = PBXBuildFile; fileRef = 58AD6A7E23946A22000041BF /* DecoderService.swift */; };
		58AD6A812394855C000041BF /* ImageDownloadService.swift in Sources */ = {isa = PBXBuildFile; fileRef = 58AD6A802394855C000041BF /* ImageDownloadService.swift */; };
		58AD6A8523951F58000041BF /* DetailItemTableViewCell.swift in Sources */ = {isa = PBXBuildFile; fileRef = 58AD6A8423951F58000041BF /* DetailItemTableViewCell.swift */; };
		58AD6A8A23955583000041BF /* ItemDetailViewController.swift in Sources */ = {isa = PBXBuildFile; fileRef = 58AD6A8923955583000041BF /* ItemDetailViewController.swift */; };
		58AD6A8E23955D6C000041BF /* ItemPresenter.swift in Sources */ = {isa = PBXBuildFile; fileRef = 58AD6A8D23955D6C000041BF /* ItemPresenter.swift */; };
		58AD6A9023955DC6000041BF /* ItemRouter.swift in Sources */ = {isa = PBXBuildFile; fileRef = 58AD6A8F23955DC6000041BF /* ItemRouter.swift */; };
		58AD6A932395B3BD000041BF /* UIView+Gradient.swift in Sources */ = {isa = PBXBuildFile; fileRef = 58AD6A922395B3BD000041BF /* UIView+Gradient.swift */; };
		58AD6A972395C66D000041BF /* ItemTableViewCell.swift in Sources */ = {isa = PBXBuildFile; fileRef = 58AD6A962395C66D000041BF /* ItemTableViewCell.swift */; };
		58AD6A9923970065000041BF /* IItemViewModel.swift in Sources */ = {isa = PBXBuildFile; fileRef = 58AD6A9823970065000041BF /* IItemViewModel.swift */; };
		58DA71D72397303E00498977 /* CreatorDataWrapper.swift in Sources */ = {isa = PBXBuildFile; fileRef = 58DA71D62397303E00498977 /* CreatorDataWrapper.swift */; };
		58DA71D92397D3FE00498977 /* AlertView.swift in Sources */ = {isa = PBXBuildFile; fileRef = 58DA71D82397D3FE00498977 /* AlertView.swift */; };
		58DA7212239861A700498977 /* IItemDataWrapper.swift in Sources */ = {isa = PBXBuildFile; fileRef = 58DA7211239861A700498977 /* IItemDataWrapper.swift */; };
		58DA72192399424000498977 /* HeaderView.swift in Sources */ = {isa = PBXBuildFile; fileRef = 58DA72182399424000498977 /* HeaderView.swift */; };
		58DA721B2399595500498977 /* String+Size.swift in Sources */ = {isa = PBXBuildFile; fileRef = 58DA721A2399595500498977 /* String+Size.swift */; };
		58E6DFA52394522900E52083 /* ItemListViewController.swift in Sources */ = {isa = PBXBuildFile; fileRef = 58E6DFA42394522900E52083 /* ItemListViewController.swift */; };
		58E6DFA723945B0F00E52083 /* Factory.swift in Sources */ = {isa = PBXBuildFile; fileRef = 58E6DFA623945B0F00E52083 /* Factory.swift */; };
		58E6DFA923945BCA00E52083 /* Repository.swift in Sources */ = {isa = PBXBuildFile; fileRef = 58E6DFA823945BCA00E52083 /* Repository.swift */; };
		58E6DFAC23945EF800E52083 /* ItemListRouter.swift in Sources */ = {isa = PBXBuildFile; fileRef = 58E6DFAB23945EF800E52083 /* ItemListRouter.swift */; };
		58E6DFAE23945F0400E52083 /* ItemListPresenter.swift in Sources */ = {isa = PBXBuildFile; fileRef = 58E6DFAD23945F0400E52083 /* ItemListPresenter.swift */; };
		58EB0FE1239712D400BE0EE6 /* IItemTableViewCellProtocol.swift in Sources */ = {isa = PBXBuildFile; fileRef = 58EB0FE0239712D400BE0EE6 /* IItemTableViewCellProtocol.swift */; };
/* End PBXBuildFile section */

/* Begin PBXFileReference section */
		5849C292239400F40046BCB3 /* MarvelHeroes.app */ = {isa = PBXFileReference; explicitFileType = wrapper.application; includeInIndex = 0; path = MarvelHeroes.app; sourceTree = BUILT_PRODUCTS_DIR; };
		5849C295239400F40046BCB3 /* AppDelegate.swift */ = {isa = PBXFileReference; lastKnownFileType = sourcecode.swift; path = AppDelegate.swift; sourceTree = "<group>"; };
		5849C29E239400F50046BCB3 /* Assets.xcassets */ = {isa = PBXFileReference; lastKnownFileType = folder.assetcatalog; path = Assets.xcassets; sourceTree = "<group>"; };
		5849C2A1239400F50046BCB3 /* Base */ = {isa = PBXFileReference; lastKnownFileType = file.storyboard; name = Base; path = Base.lproj/LaunchScreen.storyboard; sourceTree = "<group>"; };
		5849C2A3239400F50046BCB3 /* Info.plist */ = {isa = PBXFileReference; lastKnownFileType = text.plist.xml; path = Info.plist; sourceTree = "<group>"; };
		5849C2AA239408730046BCB3 /* CharacterDataWrapper.swift */ = {isa = PBXFileReference; lastKnownFileType = sourcecode.swift; path = CharacterDataWrapper.swift; sourceTree = "<group>"; };
		5849C2AC23940B800046BCB3 /* NetworkService.swift */ = {isa = PBXFileReference; lastKnownFileType = sourcecode.swift; path = NetworkService.swift; sourceTree = "<group>"; };
		5849C2AE239417CE0046BCB3 /* String+md5.swift */ = {isa = PBXFileReference; lastKnownFileType = sourcecode.swift; path = "String+md5.swift"; sourceTree = "<group>"; };
		5849C2B3239433560046BCB3 /* ComicDataWrapper.swift */ = {isa = PBXFileReference; lastKnownFileType = sourcecode.swift; path = ComicDataWrapper.swift; sourceTree = "<group>"; };
		5849C2B523943C0A0046BCB3 /* Thumbnail.swift */ = {isa = PBXFileReference; lastKnownFileType = sourcecode.swift; path = Thumbnail.swift; sourceTree = "<group>"; };
		5849C2B723943C740046BCB3 /* Lists.swift */ = {isa = PBXFileReference; lastKnownFileType = sourcecode.swift; path = Lists.swift; sourceTree = "<group>"; };
		5849C2B923943CE60046BCB3 /* URLElement.swift */ = {isa = PBXFileReference; lastKnownFileType = sourcecode.swift; path = URLElement.swift; sourceTree = "<group>"; };
		586639D423944998009EC907 /* ComicDate.swift */ = {isa = PBXFileReference; lastKnownFileType = sourcecode.swift; path = ComicDate.swift; sourceTree = "<group>"; };
		586639D623944A0A009EC907 /* Format.swift */ = {isa = PBXFileReference; lastKnownFileType = sourcecode.swift; path = Format.swift; sourceTree = "<group>"; };
		586639D823944A26009EC907 /* ComicPrice.swift */ = {isa = PBXFileReference; lastKnownFileType = sourcecode.swift; path = ComicPrice.swift; sourceTree = "<group>"; };
		586639DA23944A4F009EC907 /* TextObject.swift */ = {isa = PBXFileReference; lastKnownFileType = sourcecode.swift; path = TextObject.swift; sourceTree = "<group>"; };
		58AD6A7E23946A22000041BF /* DecoderService.swift */ = {isa = PBXFileReference; lastKnownFileType = sourcecode.swift; path = DecoderService.swift; sourceTree = "<group>"; };
		58AD6A802394855C000041BF /* ImageDownloadService.swift */ = {isa = PBXFileReference; lastKnownFileType = sourcecode.swift; path = ImageDownloadService.swift; sourceTree = "<group>"; };
		58AD6A8423951F58000041BF /* DetailItemTableViewCell.swift */ = {isa = PBXFileReference; lastKnownFileType = sourcecode.swift; path = DetailItemTableViewCell.swift; sourceTree = "<group>"; };
		58AD6A8923955583000041BF /* ItemDetailViewController.swift */ = {isa = PBXFileReference; lastKnownFileType = sourcecode.swift; path = ItemDetailViewController.swift; sourceTree = "<group>"; };
		58AD6A8D23955D6C000041BF /* ItemPresenter.swift */ = {isa = PBXFileReference; lastKnownFileType = sourcecode.swift; path = ItemPresenter.swift; sourceTree = "<group>"; };
		58AD6A8F23955DC6000041BF /* ItemRouter.swift */ = {isa = PBXFileReference; lastKnownFileType = sourcecode.swift; path = ItemRouter.swift; sourceTree = "<group>"; };
		58AD6A922395B3BD000041BF /* UIView+Gradient.swift */ = {isa = PBXFileReference; lastKnownFileType = sourcecode.swift; path = "UIView+Gradient.swift"; sourceTree = "<group>"; };
		58AD6A962395C66D000041BF /* ItemTableViewCell.swift */ = {isa = PBXFileReference; lastKnownFileType = sourcecode.swift; path = ItemTableViewCell.swift; sourceTree = "<group>"; };
		58AD6A9823970065000041BF /* IItemViewModel.swift */ = {isa = PBXFileReference; lastKnownFileType = sourcecode.swift; path = IItemViewModel.swift; sourceTree = "<group>"; };
		58DA71D62397303E00498977 /* CreatorDataWrapper.swift */ = {isa = PBXFileReference; lastKnownFileType = sourcecode.swift; path = CreatorDataWrapper.swift; sourceTree = "<group>"; };
		58DA71D82397D3FE00498977 /* AlertView.swift */ = {isa = PBXFileReference; lastKnownFileType = sourcecode.swift; path = AlertView.swift; sourceTree = "<group>"; };
		58DA7211239861A700498977 /* IItemDataWrapper.swift */ = {isa = PBXFileReference; lastKnownFileType = sourcecode.swift; path = IItemDataWrapper.swift; sourceTree = "<group>"; };
		58DA72182399424000498977 /* HeaderView.swift */ = {isa = PBXFileReference; lastKnownFileType = sourcecode.swift; path = HeaderView.swift; sourceTree = "<group>"; };
		58DA721A2399595500498977 /* String+Size.swift */ = {isa = PBXFileReference; lastKnownFileType = sourcecode.swift; path = "String+Size.swift"; sourceTree = "<group>"; };
		58E6DFA42394522900E52083 /* ItemListViewController.swift */ = {isa = PBXFileReference; lastKnownFileType = sourcecode.swift; path = ItemListViewController.swift; sourceTree = "<group>"; };
		58E6DFA623945B0F00E52083 /* Factory.swift */ = {isa = PBXFileReference; lastKnownFileType = sourcecode.swift; path = Factory.swift; sourceTree = "<group>"; };
		58E6DFA823945BCA00E52083 /* Repository.swift */ = {isa = PBXFileReference; lastKnownFileType = sourcecode.swift; path = Repository.swift; sourceTree = "<group>"; };
		58E6DFAB23945EF800E52083 /* ItemListRouter.swift */ = {isa = PBXFileReference; lastKnownFileType = sourcecode.swift; path = ItemListRouter.swift; sourceTree = "<group>"; };
		58E6DFAD23945F0400E52083 /* ItemListPresenter.swift */ = {isa = PBXFileReference; lastKnownFileType = sourcecode.swift; path = ItemListPresenter.swift; sourceTree = "<group>"; };
		58EB0FE0239712D400BE0EE6 /* IItemTableViewCellProtocol.swift */ = {isa = PBXFileReference; lastKnownFileType = sourcecode.swift; path = IItemTableViewCellProtocol.swift; sourceTree = "<group>"; };
/* End PBXFileReference section */

/* Begin PBXFrameworksBuildPhase section */
		5849C28F239400F40046BCB3 /* Frameworks */ = {
			isa = PBXFrameworksBuildPhase;
			buildActionMask = 2147483647;
			files = (
			);
			runOnlyForDeploymentPostprocessing = 0;
		};
/* End PBXFrameworksBuildPhase section */

/* Begin PBXGroup section */
		5849C289239400F40046BCB3 = {
			isa = PBXGroup;
			children = (
				5849C294239400F40046BCB3 /* MarvelHeroes */,
				5849C293239400F40046BCB3 /* Products */,
			);
			sourceTree = "<group>";
		};
		5849C293239400F40046BCB3 /* Products */ = {
			isa = PBXGroup;
			children = (
				5849C292239400F40046BCB3 /* MarvelHeroes.app */,
			);
			name = Products;
			sourceTree = "<group>";
		};
		5849C294239400F40046BCB3 /* MarvelHeroes */ = {
			isa = PBXGroup;
			children = (
				58AD6A8823954AA7000041BF /* Views */,
				58E6DFAF239461EF00E52083 /* Modules */,
				5849C2A92394014C0046BCB3 /* SupportingFiles */,
				5849C2A3239400F50046BCB3 /* Info.plist */,
				586639DC23944E3D009EC907 /* Business layer */,
				5849C2AE239417CE0046BCB3 /* String+md5.swift */,
				58AD6A922395B3BD000041BF /* UIView+Gradient.swift */,
				58DA721A2399595500498977 /* String+Size.swift */,
			);
			path = MarvelHeroes;
			sourceTree = "<group>";
		};
		5849C2A92394014C0046BCB3 /* SupportingFiles */ = {
			isa = PBXGroup;
			children = (
				5849C295239400F40046BCB3 /* AppDelegate.swift */,
				5849C29E239400F50046BCB3 /* Assets.xcassets */,
				5849C2A0239400F50046BCB3 /* LaunchScreen.storyboard */,
			);
			path = SupportingFiles;
			sourceTree = "<group>";
		};
		586639DC23944E3D009EC907 /* Business layer */ = {
			isa = PBXGroup;
			children = (
				5849C2AC23940B800046BCB3 /* NetworkService.swift */,
				58AD6A802394855C000041BF /* ImageDownloadService.swift */,
				58AD6A7E23946A22000041BF /* DecoderService.swift */,
				58E6DFA623945B0F00E52083 /* Factory.swift */,
				58E6DFA823945BCA00E52083 /* Repository.swift */,
				586639DD23944E7C009EC907 /* Models */,
			);
			path = "Business layer";
			sourceTree = "<group>";
		};
		586639DD23944E7C009EC907 /* Models */ = {
			isa = PBXGroup;
			children = (
				58670C6A239714A000DA004E /* API Marvel Entities */,
			);
			path = Models;
			sourceTree = "<group>";
		};
		58670C6A239714A000DA004E /* API Marvel Entities */ = {
			isa = PBXGroup;
			children = (
				5849C2AA239408730046BCB3 /* CharacterDataWrapper.swift */,
				5849C2B3239433560046BCB3 /* ComicDataWrapper.swift */,
				58DA71D62397303E00498977 /* CreatorDataWrapper.swift */,
				5849C2B523943C0A0046BCB3 /* Thumbnail.swift */,
				5849C2B723943C740046BCB3 /* Lists.swift */,
				5849C2B923943CE60046BCB3 /* URLElement.swift */,
				586639D423944998009EC907 /* ComicDate.swift */,
				586639D623944A0A009EC907 /* Format.swift */,
				586639D823944A26009EC907 /* ComicPrice.swift */,
				586639DA23944A4F009EC907 /* TextObject.swift */,
				58DA7213239861B000498977 /* Protocols */,
			);
			path = "API Marvel Entities";
			sourceTree = "<group>";
		};
		58AD6A8823954AA7000041BF /* Views */ = {
			isa = PBXGroup;
			children = (
				58EB0FE22397135600BE0EE6 /* Cells */,
				58DA71D82397D3FE00498977 /* AlertView.swift */,
				58DA72182399424000498977 /* HeaderView.swift */,
			);
			path = Views;
			sourceTree = "<group>";
		};
		58AD6A9123955E3F000041BF /* Item module */ = {
			isa = PBXGroup;
			children = (
				58AD6A8923955583000041BF /* ItemDetailViewController.swift */,
				58AD6A8D23955D6C000041BF /* ItemPresenter.swift */,
				58AD6A8F23955DC6000041BF /* ItemRouter.swift */,
			);
			path = "Item module";
			sourceTree = "<group>";
		};
		58DA7213239861B000498977 /* Protocols */ = {
			isa = PBXGroup;
			children = (
				58DA7211239861A700498977 /* IItemDataWrapper.swift */,
				58AD6A9823970065000041BF /* IItemViewModel.swift */,
			);
			path = Protocols;
			sourceTree = "<group>";
		};
		58E6DFAA23945D4600E52083 /* Item list module */ = {
			isa = PBXGroup;
			children = (
				58E6DFA42394522900E52083 /* ItemListViewController.swift */,
				58E6DFAD23945F0400E52083 /* ItemListPresenter.swift */,
				58E6DFAB23945EF800E52083 /* ItemListRouter.swift */,
			);
			path = "Item list module";
			sourceTree = "<group>";
		};
		58E6DFAF239461EF00E52083 /* Modules */ = {
			isa = PBXGroup;
			children = (
				58E6DFAA23945D4600E52083 /* Item list module */,
				58AD6A9123955E3F000041BF /* Item module */,
			);
			path = Modules;
			sourceTree = "<group>";
		};
		58EB0FE22397135600BE0EE6 /* Cells */ = {
			isa = PBXGroup;
			children = (
				58AD6A8423951F58000041BF /* DetailItemTableViewCell.swift */,
				58AD6A962395C66D000041BF /* ItemTableViewCell.swift */,
				58EB0FE32397135E00BE0EE6 /* Protocols */,
			);
			path = Cells;
			sourceTree = "<group>";
		};
		58EB0FE32397135E00BE0EE6 /* Protocols */ = {
			isa = PBXGroup;
			children = (
				58EB0FE0239712D400BE0EE6 /* IItemTableViewCellProtocol.swift */,
			);
			path = Protocols;
			sourceTree = "<group>";
		};
/* End PBXGroup section */

/* Begin PBXNativeTarget section */
		5849C291239400F40046BCB3 /* MarvelHeroes */ = {
			isa = PBXNativeTarget;
			buildConfigurationList = 5849C2A6239400F50046BCB3 /* Build configuration list for PBXNativeTarget "MarvelHeroes" */;
			buildPhases = (
				5849C28E239400F40046BCB3 /* Sources */,
				5849C28F239400F40046BCB3 /* Frameworks */,
				5849C290239400F40046BCB3 /* Resources */,
				5849C2B2239430E10046BCB3 /* Swiftlint */,
			);
			buildRules = (
			);
			dependencies = (
			);
			name = MarvelHeroes;
			productName = MarvelHeroes;
			productReference = 5849C292239400F40046BCB3 /* MarvelHeroes.app */;
			productType = "com.apple.product-type.application";
		};
/* End PBXNativeTarget section */

/* Begin PBXProject section */
		5849C28A239400F40046BCB3 /* Project object */ = {
			isa = PBXProject;
			attributes = {
				LastSwiftUpdateCheck = 1120;
				LastUpgradeCheck = 1120;
				TargetAttributes = {
					5849C291239400F40046BCB3 = {
						CreatedOnToolsVersion = 11.2.1;
					};
				};
			};
			buildConfigurationList = 5849C28D239400F40046BCB3 /* Build configuration list for PBXProject "MarvelHeroes" */;
			compatibilityVersion = "Xcode 9.3";
			developmentRegion = en;
			hasScannedForEncodings = 0;
			knownRegions = (
				en,
				Base,
			);
			mainGroup = 5849C289239400F40046BCB3;
			productRefGroup = 5849C293239400F40046BCB3 /* Products */;
			projectDirPath = "";
			projectRoot = "";
			targets = (
				5849C291239400F40046BCB3 /* MarvelHeroes */,
			);
		};
/* End PBXProject section */

/* Begin PBXResourcesBuildPhase section */
		5849C290239400F40046BCB3 /* Resources */ = {
			isa = PBXResourcesBuildPhase;
			buildActionMask = 2147483647;
			files = (
				5849C2A2239400F50046BCB3 /* LaunchScreen.storyboard in Resources */,
				5849C29F239400F50046BCB3 /* Assets.xcassets in Resources */,
			);
			runOnlyForDeploymentPostprocessing = 0;
		};
/* End PBXResourcesBuildPhase section */

/* Begin PBXShellScriptBuildPhase section */
		5849C2B2239430E10046BCB3 /* Swiftlint */ = {
			isa = PBXShellScriptBuildPhase;
			buildActionMask = 2147483647;
			files = (
			);
			inputFileListPaths = (
			);
			inputPaths = (
			);
			name = Swiftlint;
			outputFileListPaths = (
			);
			outputPaths = (
			);
			runOnlyForDeploymentPostprocessing = 0;
			shellPath = /bin/sh;
			shellScript = "if which swiftlint >/dev/null; then\n  swiftlint\nelse\n  echo \"warning: SwiftLint not installed, download from https://github.com/realm/SwiftLint\"\nfi\n";
		};
/* End PBXShellScriptBuildPhase section */

/* Begin PBXSourcesBuildPhase section */
		5849C28E239400F40046BCB3 /* Sources */ = {
			isa = PBXSourcesBuildPhase;
			buildActionMask = 2147483647;
			files = (
				58E6DFAC23945EF800E52083 /* ItemListRouter.swift in Sources */,
				586639D723944A0A009EC907 /* Format.swift in Sources */,
				5849C2AB239408730046BCB3 /* CharacterDataWrapper.swift in Sources */,
				5849C2B823943C740046BCB3 /* Lists.swift in Sources */,
				58DA71D72397303E00498977 /* CreatorDataWrapper.swift in Sources */,
				58AD6A8523951F58000041BF /* DetailItemTableViewCell.swift in Sources */,
				58E6DFA52394522900E52083 /* ItemListViewController.swift in Sources */,
				58DA72192399424000498977 /* HeaderView.swift in Sources */,
				586639D523944998009EC907 /* ComicDate.swift in Sources */,
				586639D923944A26009EC907 /* ComicPrice.swift in Sources */,
				5849C2B4239433560046BCB3 /* ComicDataWrapper.swift in Sources */,
				5849C2AD23940B800046BCB3 /* NetworkService.swift in Sources */,
				5849C2AF239417CE0046BCB3 /* String+md5.swift in Sources */,
				58AD6A972395C66D000041BF /* ItemTableViewCell.swift in Sources */,
				58AD6A9023955DC6000041BF /* ItemRouter.swift in Sources */,
				58EB0FE1239712D400BE0EE6 /* IItemTableViewCellProtocol.swift in Sources */,
				58AD6A932395B3BD000041BF /* UIView+Gradient.swift in Sources */,
				58AD6A8A23955583000041BF /* ItemDetailViewController.swift in Sources */,
				58DA721B2399595500498977 /* String+Size.swift in Sources */,
				5849C2BA23943CE60046BCB3 /* URLElement.swift in Sources */,
				58AD6A9923970065000041BF /* IItemViewModel.swift in Sources */,
				58E6DFAE23945F0400E52083 /* ItemListPresenter.swift in Sources */,
				58E6DFA923945BCA00E52083 /* Repository.swift in Sources */,
				5849C296239400F40046BCB3 /* AppDelegate.swift in Sources */,
				58AD6A7F23946A22000041BF /* DecoderService.swift in Sources */,
				5849C2B623943C0A0046BCB3 /* Thumbnail.swift in Sources */,
				586639DB23944A4F009EC907 /* TextObject.swift in Sources */,
				58E6DFA723945B0F00E52083 /* Factory.swift in Sources */,
				58DA71D92397D3FE00498977 /* AlertView.swift in Sources */,
				58AD6A8E23955D6C000041BF /* ItemPresenter.swift in Sources */,
				58AD6A812394855C000041BF /* ImageDownloadService.swift in Sources */,
				58DA7212239861A700498977 /* IItemDataWrapper.swift in Sources */,
			);
			runOnlyForDeploymentPostprocessing = 0;
		};
/* End PBXSourcesBuildPhase section */

/* Begin PBXVariantGroup section */
		5849C2A0239400F50046BCB3 /* LaunchScreen.storyboard */ = {
			isa = PBXVariantGroup;
			children = (
				5849C2A1239400F50046BCB3 /* Base */,
			);
			name = LaunchScreen.storyboard;
			sourceTree = "<group>";
		};
/* End PBXVariantGroup section */

/* Begin XCBuildConfiguration section */
		5849C2A4239400F50046BCB3 /* Debug */ = {
			isa = XCBuildConfiguration;
			buildSettings = {
				ALWAYS_SEARCH_USER_PATHS = NO;
				CLANG_ANALYZER_NONNULL = YES;
				CLANG_ANALYZER_NUMBER_OBJECT_CONVERSION = YES_AGGRESSIVE;
				CLANG_CXX_LANGUAGE_STANDARD = "gnu++14";
				CLANG_CXX_LIBRARY = "libc++";
				CLANG_ENABLE_MODULES = YES;
				CLANG_ENABLE_OBJC_ARC = YES;
				CLANG_ENABLE_OBJC_WEAK = YES;
				CLANG_WARN_BLOCK_CAPTURE_AUTORELEASING = YES;
				CLANG_WARN_BOOL_CONVERSION = YES;
				CLANG_WARN_COMMA = YES;
				CLANG_WARN_CONSTANT_CONVERSION = YES;
				CLANG_WARN_DEPRECATED_OBJC_IMPLEMENTATIONS = YES;
				CLANG_WARN_DIRECT_OBJC_ISA_USAGE = YES_ERROR;
				CLANG_WARN_DOCUMENTATION_COMMENTS = YES;
				CLANG_WARN_EMPTY_BODY = YES;
				CLANG_WARN_ENUM_CONVERSION = YES;
				CLANG_WARN_INFINITE_RECURSION = YES;
				CLANG_WARN_INT_CONVERSION = YES;
				CLANG_WARN_NON_LITERAL_NULL_CONVERSION = YES;
				CLANG_WARN_OBJC_IMPLICIT_RETAIN_SELF = YES;
				CLANG_WARN_OBJC_LITERAL_CONVERSION = YES;
				CLANG_WARN_OBJC_ROOT_CLASS = YES_ERROR;
				CLANG_WARN_RANGE_LOOP_ANALYSIS = YES;
				CLANG_WARN_STRICT_PROTOTYPES = YES;
				CLANG_WARN_SUSPICIOUS_MOVE = YES;
				CLANG_WARN_UNGUARDED_AVAILABILITY = YES_AGGRESSIVE;
				CLANG_WARN_UNREACHABLE_CODE = YES;
				CLANG_WARN__DUPLICATE_METHOD_MATCH = YES;
				COPY_PHASE_STRIP = NO;
				DEBUG_INFORMATION_FORMAT = dwarf;
				ENABLE_STRICT_OBJC_MSGSEND = YES;
				ENABLE_TESTABILITY = YES;
				GCC_C_LANGUAGE_STANDARD = gnu11;
				GCC_DYNAMIC_NO_PIC = NO;
				GCC_NO_COMMON_BLOCKS = YES;
				GCC_OPTIMIZATION_LEVEL = 0;
				GCC_PREPROCESSOR_DEFINITIONS = (
					"DEBUG=1",
					"$(inherited)",
				);
				GCC_WARN_64_TO_32_BIT_CONVERSION = YES;
				GCC_WARN_ABOUT_RETURN_TYPE = YES_ERROR;
				GCC_WARN_UNDECLARED_SELECTOR = YES;
				GCC_WARN_UNINITIALIZED_AUTOS = YES_AGGRESSIVE;
				GCC_WARN_UNUSED_FUNCTION = YES;
				GCC_WARN_UNUSED_VARIABLE = YES;
				IPHONEOS_DEPLOYMENT_TARGET = 13.2;
				MTL_ENABLE_DEBUG_INFO = INCLUDE_SOURCE;
				MTL_FAST_MATH = YES;
				ONLY_ACTIVE_ARCH = YES;
				SDKROOT = iphoneos;
				SWIFT_ACTIVE_COMPILATION_CONDITIONS = DEBUG;
				SWIFT_OPTIMIZATION_LEVEL = "-Onone";
			};
			name = Debug;
		};
		5849C2A5239400F50046BCB3 /* Release */ = {
			isa = XCBuildConfiguration;
			buildSettings = {
				ALWAYS_SEARCH_USER_PATHS = NO;
				CLANG_ANALYZER_NONNULL = YES;
				CLANG_ANALYZER_NUMBER_OBJECT_CONVERSION = YES_AGGRESSIVE;
				CLANG_CXX_LANGUAGE_STANDARD = "gnu++14";
				CLANG_CXX_LIBRARY = "libc++";
				CLANG_ENABLE_MODULES = YES;
				CLANG_ENABLE_OBJC_ARC = YES;
				CLANG_ENABLE_OBJC_WEAK = YES;
				CLANG_WARN_BLOCK_CAPTURE_AUTORELEASING = YES;
				CLANG_WARN_BOOL_CONVERSION = YES;
				CLANG_WARN_COMMA = YES;
				CLANG_WARN_CONSTANT_CONVERSION = YES;
				CLANG_WARN_DEPRECATED_OBJC_IMPLEMENTATIONS = YES;
				CLANG_WARN_DIRECT_OBJC_ISA_USAGE = YES_ERROR;
				CLANG_WARN_DOCUMENTATION_COMMENTS = YES;
				CLANG_WARN_EMPTY_BODY = YES;
				CLANG_WARN_ENUM_CONVERSION = YES;
				CLANG_WARN_INFINITE_RECURSION = YES;
				CLANG_WARN_INT_CONVERSION = YES;
				CLANG_WARN_NON_LITERAL_NULL_CONVERSION = YES;
				CLANG_WARN_OBJC_IMPLICIT_RETAIN_SELF = YES;
				CLANG_WARN_OBJC_LITERAL_CONVERSION = YES;
				CLANG_WARN_OBJC_ROOT_CLASS = YES_ERROR;
				CLANG_WARN_RANGE_LOOP_ANALYSIS = YES;
				CLANG_WARN_STRICT_PROTOTYPES = YES;
				CLANG_WARN_SUSPICIOUS_MOVE = YES;
				CLANG_WARN_UNGUARDED_AVAILABILITY = YES_AGGRESSIVE;
				CLANG_WARN_UNREACHABLE_CODE = YES;
				CLANG_WARN__DUPLICATE_METHOD_MATCH = YES;
				COPY_PHASE_STRIP = NO;
				DEBUG_INFORMATION_FORMAT = "dwarf-with-dsym";
				ENABLE_NS_ASSERTIONS = NO;
				ENABLE_STRICT_OBJC_MSGSEND = YES;
				GCC_C_LANGUAGE_STANDARD = gnu11;
				GCC_NO_COMMON_BLOCKS = YES;
				GCC_WARN_64_TO_32_BIT_CONVERSION = YES;
				GCC_WARN_ABOUT_RETURN_TYPE = YES_ERROR;
				GCC_WARN_UNDECLARED_SELECTOR = YES;
				GCC_WARN_UNINITIALIZED_AUTOS = YES_AGGRESSIVE;
				GCC_WARN_UNUSED_FUNCTION = YES;
				GCC_WARN_UNUSED_VARIABLE = YES;
				IPHONEOS_DEPLOYMENT_TARGET = 13.2;
				MTL_ENABLE_DEBUG_INFO = NO;
				MTL_FAST_MATH = YES;
				SDKROOT = iphoneos;
				SWIFT_COMPILATION_MODE = wholemodule;
				SWIFT_OPTIMIZATION_LEVEL = "-O";
				VALIDATE_PRODUCT = YES;
			};
			name = Release;
		};
		5849C2A7239400F50046BCB3 /* Debug */ = {
			isa = XCBuildConfiguration;
			buildSettings = {
				ASSETCATALOG_COMPILER_APPICON_NAME = AppIcon;
				CODE_SIGN_STYLE = Automatic;
				INFOPLIST_FILE = MarvelHeroes/Info.plist;
				IPHONEOS_DEPLOYMENT_TARGET = 11.0;
				LD_RUNPATH_SEARCH_PATHS = (
					"$(inherited)",
					"@executable_path/Frameworks",
				);
				PRODUCT_BUNDLE_IDENTIFIER = com.ArkadiyGrigoryanc.MarvelHeroes;
				PRODUCT_NAME = "$(TARGET_NAME)";
				SWIFT_VERSION = 5.0;
				TARGETED_DEVICE_FAMILY = 1;
			};
			name = Debug;
		};
		5849C2A8239400F50046BCB3 /* Release */ = {
			isa = XCBuildConfiguration;
			buildSettings = {
				ASSETCATALOG_COMPILER_APPICON_NAME = AppIcon;
				CODE_SIGN_STYLE = Automatic;
				INFOPLIST_FILE = MarvelHeroes/Info.plist;
				IPHONEOS_DEPLOYMENT_TARGET = 11.0;
				LD_RUNPATH_SEARCH_PATHS = (
					"$(inherited)",
					"@executable_path/Frameworks",
				);
				PRODUCT_BUNDLE_IDENTIFIER = com.ArkadiyGrigoryanc.MarvelHeroes;
				PRODUCT_NAME = "$(TARGET_NAME)";
				SWIFT_VERSION = 5.0;
				TARGETED_DEVICE_FAMILY = 1;
			};
			name = Release;
		};
/* End XCBuildConfiguration section */

/* Begin XCConfigurationList section */
		5849C28D239400F40046BCB3 /* Build configuration list for PBXProject "MarvelHeroes" */ = {
			isa = XCConfigurationList;
			buildConfigurations = (
				5849C2A4239400F50046BCB3 /* Debug */,
				5849C2A5239400F50046BCB3 /* Release */,
			);
			defaultConfigurationIsVisible = 0;
			defaultConfigurationName = Release;
		};
		5849C2A6239400F50046BCB3 /* Build configuration list for PBXNativeTarget "MarvelHeroes" */ = {
			isa = XCConfigurationList;
			buildConfigurations = (
				5849C2A7239400F50046BCB3 /* Debug */,
				5849C2A8239400F50046BCB3 /* Release */,
			);
			defaultConfigurationIsVisible = 0;
			defaultConfigurationName = Release;
		};
/* End XCConfigurationList section */
	};
	rootObject = 5849C28A239400F40046BCB3 /* Project object */;
}
