// !$*UTF8*$!
{
	archiveVersion = 1;
	classes = {
	};
	objectVersion = 50;
	objects = {

/* Begin PBXBuildFile section */
		4B5AA2992396656200275E29 /* CharacterImage.swift in Sources */ = {isa = PBXBuildFile; fileRef = 4B5AA2982396656200275E29 /* CharacterImage.swift */; };
		4B5AA29B23966CC100275E29 /* StructTableViewModel.swift in Sources */ = {isa = PBXBuildFile; fileRef = 4B5AA29A23966CC100275E29 /* StructTableViewModel.swift */; };
		4B76DF1D23944E71008F63AD /* AppDelegate.swift in Sources */ = {isa = PBXBuildFile; fileRef = 4B76DF1C23944E71008F63AD /* AppDelegate.swift */; };
		4B76DF2123944E71008F63AD /* HeroesViewController.swift in Sources */ = {isa = PBXBuildFile; fileRef = 4B76DF2023944E71008F63AD /* HeroesViewController.swift */; };
		4B76DF2623944E74008F63AD /* Assets.xcassets in Resources */ = {isa = PBXBuildFile; fileRef = 4B76DF2523944E74008F63AD /* Assets.xcassets */; };
		4B76DF2923944E74008F63AD /* LaunchScreen.storyboard in Resources */ = {isa = PBXBuildFile; fileRef = 4B76DF2723944E74008F63AD /* LaunchScreen.storyboard */; };
		4B76DF3223945EF4008F63AD /* HeroesRouter.swift in Sources */ = {isa = PBXBuildFile; fileRef = 4B76DF3123945EF4008F63AD /* HeroesRouter.swift */; };
		4B76DF3423945F03008F63AD /* HeroesPresenter.swift in Sources */ = {isa = PBXBuildFile; fileRef = 4B76DF3323945F03008F63AD /* HeroesPresenter.swift */; };
		4B76DF36239460FA008F63AD /* Builder.swift in Sources */ = {isa = PBXBuildFile; fileRef = 4B76DF35239460FA008F63AD /* Builder.swift */; };
		4B76DF3A23946405008F63AD /* HeroesModel.swift in Sources */ = {isa = PBXBuildFile; fileRef = 4B76DF3923946405008F63AD /* HeroesModel.swift */; };
		4B76DF3D23951C28008F63AD /* Response.swift in Sources */ = {isa = PBXBuildFile; fileRef = 4B76DF3C23951C28008F63AD /* Response.swift */; };
		4B76DF3F23951C75008F63AD /* CharacterData.swift in Sources */ = {isa = PBXBuildFile; fileRef = 4B76DF3E23951C75008F63AD /* CharacterData.swift */; };
		4B76DF4123951CB6008F63AD /* Character.swift in Sources */ = {isa = PBXBuildFile; fileRef = 4B76DF4023951CB6008F63AD /* Character.swift */; };
		4B76DF43239529D3008F63AD /* Exprensions.swift in Sources */ = {isa = PBXBuildFile; fileRef = 4B76DF42239529D2008F63AD /* Exprensions.swift */; };
		4B76DF4523956056008F63AD /* Repository.swift in Sources */ = {isa = PBXBuildFile; fileRef = 4B76DF4423956056008F63AD /* Repository.swift */; };
		4B76DF47239560F4008F63AD /* RemoteDataService.swift in Sources */ = {isa = PBXBuildFile; fileRef = 4B76DF46239560F4008F63AD /* RemoteDataService.swift */; };
/* End PBXBuildFile section */

/* Begin PBXFileReference section */
		4B5AA2982396656200275E29 /* CharacterImage.swift */ = {isa = PBXFileReference; lastKnownFileType = sourcecode.swift; path = CharacterImage.swift; sourceTree = "<group>"; };
		4B5AA29A23966CC100275E29 /* StructTableViewModel.swift */ = {isa = PBXFileReference; lastKnownFileType = sourcecode.swift; path = StructTableViewModel.swift; sourceTree = "<group>"; };
		4B76DF1923944E71008F63AD /* MarvelHeroes.app */ = {isa = PBXFileReference; explicitFileType = wrapper.application; includeInIndex = 0; path = MarvelHeroes.app; sourceTree = BUILT_PRODUCTS_DIR; };
		4B76DF1C23944E71008F63AD /* AppDelegate.swift */ = {isa = PBXFileReference; lastKnownFileType = sourcecode.swift; path = AppDelegate.swift; sourceTree = "<group>"; };
		4B76DF2023944E71008F63AD /* HeroesViewController.swift */ = {isa = PBXFileReference; lastKnownFileType = sourcecode.swift; path = HeroesViewController.swift; sourceTree = "<group>"; };
		4B76DF2523944E74008F63AD /* Assets.xcassets */ = {isa = PBXFileReference; lastKnownFileType = folder.assetcatalog; path = Assets.xcassets; sourceTree = "<group>"; };
		4B76DF2823944E74008F63AD /* Base */ = {isa = PBXFileReference; lastKnownFileType = file.storyboard; name = Base; path = Base.lproj/LaunchScreen.storyboard; sourceTree = "<group>"; };
		4B76DF2A23944E74008F63AD /* Info.plist */ = {isa = PBXFileReference; lastKnownFileType = text.plist.xml; path = Info.plist; sourceTree = "<group>"; };
		4B76DF3123945EF4008F63AD /* HeroesRouter.swift */ = {isa = PBXFileReference; lastKnownFileType = sourcecode.swift; path = HeroesRouter.swift; sourceTree = "<group>"; };
		4B76DF3323945F03008F63AD /* HeroesPresenter.swift */ = {isa = PBXFileReference; lastKnownFileType = sourcecode.swift; path = HeroesPresenter.swift; sourceTree = "<group>"; };
		4B76DF35239460FA008F63AD /* Builder.swift */ = {isa = PBXFileReference; lastKnownFileType = sourcecode.swift; path = Builder.swift; sourceTree = "<group>"; };
		4B76DF3923946405008F63AD /* HeroesModel.swift */ = {isa = PBXFileReference; lastKnownFileType = sourcecode.swift; path = HeroesModel.swift; sourceTree = "<group>"; };
		4B76DF3C23951C28008F63AD /* Response.swift */ = {isa = PBXFileReference; lastKnownFileType = sourcecode.swift; path = Response.swift; sourceTree = "<group>"; };
		4B76DF3E23951C75008F63AD /* CharacterData.swift */ = {isa = PBXFileReference; lastKnownFileType = sourcecode.swift; path = CharacterData.swift; sourceTree = "<group>"; };
		4B76DF4023951CB6008F63AD /* Character.swift */ = {isa = PBXFileReference; lastKnownFileType = sourcecode.swift; path = Character.swift; sourceTree = "<group>"; };
		4B76DF42239529D2008F63AD /* Exprensions.swift */ = {isa = PBXFileReference; lastKnownFileType = sourcecode.swift; path = Exprensions.swift; sourceTree = "<group>"; };
		4B76DF4423956056008F63AD /* Repository.swift */ = {isa = PBXFileReference; lastKnownFileType = sourcecode.swift; path = Repository.swift; sourceTree = "<group>"; };
		4B76DF46239560F4008F63AD /* RemoteDataService.swift */ = {isa = PBXFileReference; lastKnownFileType = sourcecode.swift; path = RemoteDataService.swift; sourceTree = "<group>"; };
/* End PBXFileReference section */

/* Begin PBXFrameworksBuildPhase section */
		4B76DF1623944E71008F63AD /* Frameworks */ = {
			isa = PBXFrameworksBuildPhase;
			buildActionMask = 2147483647;
			files = (
			);
			runOnlyForDeploymentPostprocessing = 0;
		};
/* End PBXFrameworksBuildPhase section */

/* Begin PBXGroup section */
		4B76DF1023944E71008F63AD = {
			isa = PBXGroup;
			children = (
				4B76DF1B23944E71008F63AD /* MarvelHeroes */,
				4B76DF1A23944E71008F63AD /* Products */,
			);
			sourceTree = "<group>";
		};
		4B76DF1A23944E71008F63AD /* Products */ = {
			isa = PBXGroup;
			children = (
				4B76DF1923944E71008F63AD /* MarvelHeroes.app */,
			);
			name = Products;
			sourceTree = "<group>";
		};
		4B76DF1B23944E71008F63AD /* MarvelHeroes */ = {
			isa = PBXGroup;
			children = (
				4B76DF1C23944E71008F63AD /* AppDelegate.swift */,
				4B76DF35239460FA008F63AD /* Builder.swift */,
				4B76DF42239529D2008F63AD /* Exprensions.swift */,
				4B76DF46239560F4008F63AD /* RemoteDataService.swift */,
				4B76DF4423956056008F63AD /* Repository.swift */,
				4B76DF3023945ECD008F63AD /* HeroesViewController */,
				4B76DF2523944E74008F63AD /* Assets.xcassets */,
				4B76DF2723944E74008F63AD /* LaunchScreen.storyboard */,
				4B76DF2A23944E74008F63AD /* Info.plist */,
				4B76DF3923946405008F63AD /* HeroesModel.swift */,
			);
			path = MarvelHeroes;
			sourceTree = "<group>";
		};
		4B76DF3023945ECD008F63AD /* HeroesViewController */ = {
			isa = PBXGroup;
			children = (
				4B76DF3B23951C14008F63AD /* Model */,
				4B76DF2023944E71008F63AD /* HeroesViewController.swift */,
				4B76DF3123945EF4008F63AD /* HeroesRouter.swift */,
				4B76DF3323945F03008F63AD /* HeroesPresenter.swift */,
			);
			path = HeroesViewController;
			sourceTree = "<group>";
		};
		4B76DF3B23951C14008F63AD /* Model */ = {
			isa = PBXGroup;
			children = (
				4B76DF3C23951C28008F63AD /* Response.swift */,
				4B76DF3E23951C75008F63AD /* CharacterData.swift */,
				4B76DF4023951CB6008F63AD /* Character.swift */,
				4B5AA2982396656200275E29 /* CharacterImage.swift */,
				4B5AA29A23966CC100275E29 /* StructTableViewModel.swift */,
			);
			path = Model;
			sourceTree = "<group>";
		};
/* End PBXGroup section */

/* Begin PBXNativeTarget section */
		4B76DF1823944E71008F63AD /* MarvelHeroes */ = {
			isa = PBXNativeTarget;
			buildConfigurationList = 4B76DF2D23944E74008F63AD /* Build configuration list for PBXNativeTarget "MarvelHeroes" */;
			buildPhases = (
				4B76DF1523944E71008F63AD /* Sources */,
				4B76DF1623944E71008F63AD /* Frameworks */,
				4B76DF1723944E71008F63AD /* Resources */,
			);
			buildRules = (
			);
			dependencies = (
			);
			name = MarvelHeroes;
			productName = MarvelHeroes;
			productReference = 4B76DF1923944E71008F63AD /* MarvelHeroes.app */;
			productType = "com.apple.product-type.application";
		};
/* End PBXNativeTarget section */

/* Begin PBXProject section */
		4B76DF1123944E71008F63AD /* Project object */ = {
			isa = PBXProject;
			attributes = {
				LastSwiftUpdateCheck = 1120;
				LastUpgradeCheck = 1120;
				ORGANIZATIONNAME = "Максим Шалашников";
				TargetAttributes = {
					4B76DF1823944E71008F63AD = {
						CreatedOnToolsVersion = 11.2.1;
					};
				};
			};
			buildConfigurationList = 4B76DF1423944E71008F63AD /* Build configuration list for PBXProject "MarvelHeroes" */;
			compatibilityVersion = "Xcode 9.3";
			developmentRegion = en;
			hasScannedForEncodings = 0;
			knownRegions = (
				en,
				Base,
			);
			mainGroup = 4B76DF1023944E71008F63AD;
			productRefGroup = 4B76DF1A23944E71008F63AD /* Products */;
			projectDirPath = "";
			projectRoot = "";
			targets = (
				4B76DF1823944E71008F63AD /* MarvelHeroes */,
			);
		};
/* End PBXProject section */

/* Begin PBXResourcesBuildPhase section */
		4B76DF1723944E71008F63AD /* Resources */ = {
			isa = PBXResourcesBuildPhase;
			buildActionMask = 2147483647;
			files = (
				4B76DF2923944E74008F63AD /* LaunchScreen.storyboard in Resources */,
				4B76DF2623944E74008F63AD /* Assets.xcassets in Resources */,
			);
			runOnlyForDeploymentPostprocessing = 0;
		};
/* End PBXResourcesBuildPhase section */

/* Begin PBXSourcesBuildPhase section */
		4B76DF1523944E71008F63AD /* Sources */ = {
			isa = PBXSourcesBuildPhase;
			buildActionMask = 2147483647;
			files = (
				4B76DF2123944E71008F63AD /* HeroesViewController.swift in Sources */,
				4B76DF3A23946405008F63AD /* HeroesModel.swift in Sources */,
				4B76DF4123951CB6008F63AD /* Character.swift in Sources */,
				4B76DF3D23951C28008F63AD /* Response.swift in Sources */,
				4B5AA29B23966CC100275E29 /* StructTableViewModel.swift in Sources */,
				4B76DF3F23951C75008F63AD /* CharacterData.swift in Sources */,
				4B76DF4523956056008F63AD /* Repository.swift in Sources */,
				4B76DF1D23944E71008F63AD /* AppDelegate.swift in Sources */,
				4B76DF47239560F4008F63AD /* RemoteDataService.swift in Sources */,
				4B76DF3423945F03008F63AD /* HeroesPresenter.swift in Sources */,
				4B5AA2992396656200275E29 /* CharacterImage.swift in Sources */,
				4B76DF3223945EF4008F63AD /* HeroesRouter.swift in Sources */,
				4B76DF43239529D3008F63AD /* Exprensions.swift in Sources */,
				4B76DF36239460FA008F63AD /* Builder.swift in Sources */,
			);
			runOnlyForDeploymentPostprocessing = 0;
		};
/* End PBXSourcesBuildPhase section */

/* Begin PBXVariantGroup section */
		4B76DF2723944E74008F63AD /* LaunchScreen.storyboard */ = {
			isa = PBXVariantGroup;
			children = (
				4B76DF2823944E74008F63AD /* Base */,
			);
			name = LaunchScreen.storyboard;
			sourceTree = "<group>";
		};
/* End PBXVariantGroup section */

/* Begin XCBuildConfiguration section */
		4B76DF2B23944E74008F63AD /* Debug */ = {
			isa = XCBuildConfiguration;
			buildSettings = {
				ALWAYS_SEARCH_USER_PATHS = NO;
				CLANG_ANALYZER_NONNULL = YES;
				CLANG_ANALYZER_NUMBER_OBJECT_CONVERSION = YES_AGGRESSIVE;
				CLANG_CXX_LANGUAGE_STANDARD = "gnu++14";
				CLANG_CXX_LIBRARY = "libc++";
				CLANG_ENABLE_MODULES = YES;
				CLANG_ENABLE_OBJC_ARC = YES;
				CLANG_ENABLE_OBJC_WEAK = YES;
				CLANG_WARN_BLOCK_CAPTURE_AUTORELEASING = YES;
				CLANG_WARN_BOOL_CONVERSION = YES;
				CLANG_WARN_COMMA = YES;
				CLANG_WARN_CONSTANT_CONVERSION = YES;
				CLANG_WARN_DEPRECATED_OBJC_IMPLEMENTATIONS = YES;
				CLANG_WARN_DIRECT_OBJC_ISA_USAGE = YES_ERROR;
				CLANG_WARN_DOCUMENTATION_COMMENTS = YES;
				CLANG_WARN_EMPTY_BODY = YES;
				CLANG_WARN_ENUM_CONVERSION = YES;
				CLANG_WARN_INFINITE_RECURSION = YES;
				CLANG_WARN_INT_CONVERSION = YES;
				CLANG_WARN_NON_LITERAL_NULL_CONVERSION = YES;
				CLANG_WARN_OBJC_IMPLICIT_RETAIN_SELF = YES;
				CLANG_WARN_OBJC_LITERAL_CONVERSION = YES;
				CLANG_WARN_OBJC_ROOT_CLASS = YES_ERROR;
				CLANG_WARN_RANGE_LOOP_ANALYSIS = YES;
				CLANG_WARN_STRICT_PROTOTYPES = YES;
				CLANG_WARN_SUSPICIOUS_MOVE = YES;
				CLANG_WARN_UNGUARDED_AVAILABILITY = YES_AGGRESSIVE;
				CLANG_WARN_UNREACHABLE_CODE = YES;
				CLANG_WARN__DUPLICATE_METHOD_MATCH = YES;
				COPY_PHASE_STRIP = NO;
				DEBUG_INFORMATION_FORMAT = dwarf;
				ENABLE_STRICT_OBJC_MSGSEND = YES;
				ENABLE_TESTABILITY = YES;
				GCC_C_LANGUAGE_STANDARD = gnu11;
				GCC_DYNAMIC_NO_PIC = NO;
				GCC_NO_COMMON_BLOCKS = YES;
				GCC_OPTIMIZATION_LEVEL = 0;
				GCC_PREPROCESSOR_DEFINITIONS = (
					"DEBUG=1",
					"$(inherited)",
				);
				GCC_WARN_64_TO_32_BIT_CONVERSION = YES;
				GCC_WARN_ABOUT_RETURN_TYPE = YES_ERROR;
				GCC_WARN_UNDECLARED_SELECTOR = YES;
				GCC_WARN_UNINITIALIZED_AUTOS = YES_AGGRESSIVE;
				GCC_WARN_UNUSED_FUNCTION = YES;
				GCC_WARN_UNUSED_VARIABLE = YES;
				IPHONEOS_DEPLOYMENT_TARGET = 13.2;
				MTL_ENABLE_DEBUG_INFO = INCLUDE_SOURCE;
				MTL_FAST_MATH = YES;
				ONLY_ACTIVE_ARCH = YES;
				SDKROOT = iphoneos;
				SWIFT_ACTIVE_COMPILATION_CONDITIONS = DEBUG;
				SWIFT_OPTIMIZATION_LEVEL = "-Onone";
			};
			name = Debug;
		};
		4B76DF2C23944E74008F63AD /* Release */ = {
			isa = XCBuildConfiguration;
			buildSettings = {
				ALWAYS_SEARCH_USER_PATHS = NO;
				CLANG_ANALYZER_NONNULL = YES;
				CLANG_ANALYZER_NUMBER_OBJECT_CONVERSION = YES_AGGRESSIVE;
				CLANG_CXX_LANGUAGE_STANDARD = "gnu++14";
				CLANG_CXX_LIBRARY = "libc++";
				CLANG_ENABLE_MODULES = YES;
				CLANG_ENABLE_OBJC_ARC = YES;
				CLANG_ENABLE_OBJC_WEAK = YES;
				CLANG_WARN_BLOCK_CAPTURE_AUTORELEASING = YES;
				CLANG_WARN_BOOL_CONVERSION = YES;
				CLANG_WARN_COMMA = YES;
				CLANG_WARN_CONSTANT_CONVERSION = YES;
				CLANG_WARN_DEPRECATED_OBJC_IMPLEMENTATIONS = YES;
				CLANG_WARN_DIRECT_OBJC_ISA_USAGE = YES_ERROR;
				CLANG_WARN_DOCUMENTATION_COMMENTS = YES;
				CLANG_WARN_EMPTY_BODY = YES;
				CLANG_WARN_ENUM_CONVERSION = YES;
				CLANG_WARN_INFINITE_RECURSION = YES;
				CLANG_WARN_INT_CONVERSION = YES;
				CLANG_WARN_NON_LITERAL_NULL_CONVERSION = YES;
				CLANG_WARN_OBJC_IMPLICIT_RETAIN_SELF = YES;
				CLANG_WARN_OBJC_LITERAL_CONVERSION = YES;
				CLANG_WARN_OBJC_ROOT_CLASS = YES_ERROR;
				CLANG_WARN_RANGE_LOOP_ANALYSIS = YES;
				CLANG_WARN_STRICT_PROTOTYPES = YES;
				CLANG_WARN_SUSPICIOUS_MOVE = YES;
				CLANG_WARN_UNGUARDED_AVAILABILITY = YES_AGGRESSIVE;
				CLANG_WARN_UNREACHABLE_CODE = YES;
				CLANG_WARN__DUPLICATE_METHOD_MATCH = YES;
				COPY_PHASE_STRIP = NO;
				DEBUG_INFORMATION_FORMAT = "dwarf-with-dsym";
				ENABLE_NS_ASSERTIONS = NO;
				ENABLE_STRICT_OBJC_MSGSEND = YES;
				GCC_C_LANGUAGE_STANDARD = gnu11;
				GCC_NO_COMMON_BLOCKS = YES;
				GCC_WARN_64_TO_32_BIT_CONVERSION = YES;
				GCC_WARN_ABOUT_RETURN_TYPE = YES_ERROR;
				GCC_WARN_UNDECLARED_SELECTOR = YES;
				GCC_WARN_UNINITIALIZED_AUTOS = YES_AGGRESSIVE;
				GCC_WARN_UNUSED_FUNCTION = YES;
				GCC_WARN_UNUSED_VARIABLE = YES;
				IPHONEOS_DEPLOYMENT_TARGET = 13.2;
				MTL_ENABLE_DEBUG_INFO = NO;
				MTL_FAST_MATH = YES;
				SDKROOT = iphoneos;
				SWIFT_COMPILATION_MODE = wholemodule;
				SWIFT_OPTIMIZATION_LEVEL = "-O";
				VALIDATE_PRODUCT = YES;
			};
			name = Release;
		};
		4B76DF2E23944E74008F63AD /* Debug */ = {
			isa = XCBuildConfiguration;
			buildSettings = {
				ASSETCATALOG_COMPILER_APPICON_NAME = AppIcon;
				CODE_SIGN_STYLE = Automatic;
				DEVELOPMENT_TEAM = JJLJJKU7AK;
				INFOPLIST_FILE = MarvelHeroes/Info.plist;
				IPHONEOS_DEPLOYMENT_TARGET = 11.0;
				LD_RUNPATH_SEARCH_PATHS = (
					"$(inherited)",
					"@executable_path/Frameworks",
				);
				PRODUCT_BUNDLE_IDENTIFIER = MyCompany.MarvelHeroes;
				PRODUCT_NAME = "$(TARGET_NAME)";
				SWIFT_VERSION = 5.0;
				TARGETED_DEVICE_FAMILY = 1;
			};
			name = Debug;
		};
		4B76DF2F23944E74008F63AD /* Release */ = {
			isa = XCBuildConfiguration;
			buildSettings = {
				ASSETCATALOG_COMPILER_APPICON_NAME = AppIcon;
				CODE_SIGN_STYLE = Automatic;
				DEVELOPMENT_TEAM = JJLJJKU7AK;
				INFOPLIST_FILE = MarvelHeroes/Info.plist;
				IPHONEOS_DEPLOYMENT_TARGET = 11.0;
				LD_RUNPATH_SEARCH_PATHS = (
					"$(inherited)",
					"@executable_path/Frameworks",
				);
				PRODUCT_BUNDLE_IDENTIFIER = MyCompany.MarvelHeroes;
				PRODUCT_NAME = "$(TARGET_NAME)";
				SWIFT_VERSION = 5.0;
				TARGETED_DEVICE_FAMILY = 1;
			};
			name = Release;
		};
/* End XCBuildConfiguration section */

/* Begin XCConfigurationList section */
		4B76DF1423944E71008F63AD /* Build configuration list for PBXProject "MarvelHeroes" */ = {
			isa = XCConfigurationList;
			buildConfigurations = (
				4B76DF2B23944E74008F63AD /* Debug */,
				4B76DF2C23944E74008F63AD /* Release */,
			);
			defaultConfigurationIsVisible = 0;
			defaultConfigurationName = Release;
		};
		4B76DF2D23944E74008F63AD /* Build configuration list for PBXNativeTarget "MarvelHeroes" */ = {
			isa = XCConfigurationList;
			buildConfigurations = (
				4B76DF2E23944E74008F63AD /* Debug */,
				4B76DF2F23944E74008F63AD /* Release */,
			);
			defaultConfigurationIsVisible = 0;
			defaultConfigurationName = Release;
		};
/* End XCConfigurationList section */
	};
	rootObject = 4B76DF1123944E71008F63AD /* Project object */;
}
