// !$*UTF8*$!
{
	archiveVersion = 1;
	classes = {
	};
	objectVersion = 50;
	objects = {

/* Begin PBXBuildFile section */
		CEB50A3A236ED8BC000FCD1A /* AppDelegate.swift in Sources */ = {isa = PBXBuildFile; fileRef = CEB50A39236ED8BC000FCD1A /* AppDelegate.swift */; };
		CEB50A3E236ED8BC000FCD1A /* ViewController.swift in Sources */ = {isa = PBXBuildFile; fileRef = CEB50A3D236ED8BC000FCD1A /* ViewController.swift */; };
		CEB50A43236ED8C1000FCD1A /* Assets.xcassets in Resources */ = {isa = PBXBuildFile; fileRef = CEB50A42236ED8C1000FCD1A /* Assets.xcassets */; };
		CEB50A46236ED8C1000FCD1A /* LaunchScreen.storyboard in Resources */ = {isa = PBXBuildFile; fileRef = CEB50A44236ED8C1000FCD1A /* LaunchScreen.storyboard */; };
		CEB50A51236ED8C1000FCD1A /* CalculatorTests.swift in Sources */ = {isa = PBXBuildFile; fileRef = CEB50A50236ED8C1000FCD1A /* CalculatorTests.swift */; };
		CEB50A5D236EDC19000FCD1A /* Calculator.swift in Sources */ = {isa = PBXBuildFile; fileRef = CEB50A5C236EDC19000FCD1A /* Calculator.swift */; };
/* End PBXBuildFile section */

/* Begin PBXContainerItemProxy section */
		CEB50A4D236ED8C1000FCD1A /* PBXContainerItemProxy */ = {
			isa = PBXContainerItemProxy;
			containerPortal = CEB50A2E236ED8BC000FCD1A /* Project object */;
			proxyType = 1;
			remoteGlobalIDString = CEB50A35236ED8BC000FCD1A;
			remoteInfo = TestProjectWithCI;
		};
/* End PBXContainerItemProxy section */

/* Begin PBXFileReference section */
		CEB50A36236ED8BC000FCD1A /* TestProjectWithCI.app */ = {isa = PBXFileReference; explicitFileType = wrapper.application; includeInIndex = 0; path = TestProjectWithCI.app; sourceTree = BUILT_PRODUCTS_DIR; };
		CEB50A39236ED8BC000FCD1A /* AppDelegate.swift */ = {isa = PBXFileReference; lastKnownFileType = sourcecode.swift; path = AppDelegate.swift; sourceTree = "<group>"; };
		CEB50A3D236ED8BC000FCD1A /* ViewController.swift */ = {isa = PBXFileReference; lastKnownFileType = sourcecode.swift; path = ViewController.swift; sourceTree = "<group>"; };
		CEB50A42236ED8C1000FCD1A /* Assets.xcassets */ = {isa = PBXFileReference; lastKnownFileType = folder.assetcatalog; path = Assets.xcassets; sourceTree = "<group>"; };
		CEB50A45236ED8C1000FCD1A /* Base */ = {isa = PBXFileReference; lastKnownFileType = file.storyboard; name = Base; path = Base.lproj/LaunchScreen.storyboard; sourceTree = "<group>"; };
		CEB50A47236ED8C1000FCD1A /* Info.plist */ = {isa = PBXFileReference; lastKnownFileType = text.plist.xml; path = Info.plist; sourceTree = "<group>"; };
		CEB50A4C236ED8C1000FCD1A /* TestProjectWithCITests.xctest */ = {isa = PBXFileReference; explicitFileType = wrapper.cfbundle; includeInIndex = 0; path = TestProjectWithCITests.xctest; sourceTree = BUILT_PRODUCTS_DIR; };
		CEB50A50236ED8C1000FCD1A /* CalculatorTests.swift */ = {isa = PBXFileReference; lastKnownFileType = sourcecode.swift; path = CalculatorTests.swift; sourceTree = "<group>"; };
		CEB50A52236ED8C1000FCD1A /* Info.plist */ = {isa = PBXFileReference; lastKnownFileType = text.plist.xml; path = Info.plist; sourceTree = "<group>"; };
		CEB50A5C236EDC19000FCD1A /* Calculator.swift */ = {isa = PBXFileReference; lastKnownFileType = sourcecode.swift; path = Calculator.swift; sourceTree = "<group>"; };
/* End PBXFileReference section */

/* Begin PBXFrameworksBuildPhase section */
		CEB50A33236ED8BC000FCD1A /* Frameworks */ = {
			isa = PBXFrameworksBuildPhase;
			buildActionMask = 2147483647;
			files = (
			);
			runOnlyForDeploymentPostprocessing = 0;
		};
		CEB50A49236ED8C1000FCD1A /* Frameworks */ = {
			isa = PBXFrameworksBuildPhase;
			buildActionMask = 2147483647;
			files = (
			);
			runOnlyForDeploymentPostprocessing = 0;
		};
/* End PBXFrameworksBuildPhase section */

/* Begin PBXGroup section */
		CEB50A2D236ED8BC000FCD1A = {
			isa = PBXGroup;
			children = (
				CEB50A38236ED8BC000FCD1A /* TestProjectWithCI */,
				CEB50A4F236ED8C1000FCD1A /* TestProjectWithCITests */,
				CEB50A37236ED8BC000FCD1A /* Products */,
			);
			sourceTree = "<group>";
		};
		CEB50A37236ED8BC000FCD1A /* Products */ = {
			isa = PBXGroup;
			children = (
				CEB50A36236ED8BC000FCD1A /* TestProjectWithCI.app */,
				CEB50A4C236ED8C1000FCD1A /* TestProjectWithCITests.xctest */,
			);
			name = Products;
			sourceTree = "<group>";
		};
		CEB50A38236ED8BC000FCD1A /* TestProjectWithCI */ = {
			isa = PBXGroup;
			children = (
				CEB50A39236ED8BC000FCD1A /* AppDelegate.swift */,
				CEB50A3D236ED8BC000FCD1A /* ViewController.swift */,
				CEB50A5C236EDC19000FCD1A /* Calculator.swift */,
				CEB50A5B236ED8E0000FCD1A /* SupportingFiles */,
			);
			path = TestProjectWithCI;
			sourceTree = "<group>";
		};
		CEB50A4F236ED8C1000FCD1A /* TestProjectWithCITests */ = {
			isa = PBXGroup;
			children = (
				CEB50A50236ED8C1000FCD1A /* CalculatorTests.swift */,
				CEB50A52236ED8C1000FCD1A /* Info.plist */,
			);
			path = TestProjectWithCITests;
			sourceTree = "<group>";
		};
		CEB50A5B236ED8E0000FCD1A /* SupportingFiles */ = {
			isa = PBXGroup;
			children = (
				CEB50A42236ED8C1000FCD1A /* Assets.xcassets */,
				CEB50A44236ED8C1000FCD1A /* LaunchScreen.storyboard */,
				CEB50A47236ED8C1000FCD1A /* Info.plist */,
			);
			path = SupportingFiles;
			sourceTree = "<group>";
		};
/* End PBXGroup section */

/* Begin PBXNativeTarget section */
		CEB50A35236ED8BC000FCD1A /* TestProjectWithCI */ = {
			isa = PBXNativeTarget;
			buildConfigurationList = CEB50A55236ED8C1000FCD1A /* Build configuration list for PBXNativeTarget "TestProjectWithCI" */;
			buildPhases = (
				CEB50A32236ED8BC000FCD1A /* Sources */,
				CEB50A33236ED8BC000FCD1A /* Frameworks */,
				CEB50A34236ED8BC000FCD1A /* Resources */,
			);
			buildRules = (
			);
			dependencies = (
			);
			name = TestProjectWithCI;
			productName = TestProjectWithCI;
			productReference = CEB50A36236ED8BC000FCD1A /* TestProjectWithCI.app */;
			productType = "com.apple.product-type.application";
		};
		CEB50A4B236ED8C1000FCD1A /* TestProjectWithCITests */ = {
			isa = PBXNativeTarget;
			buildConfigurationList = CEB50A58236ED8C1000FCD1A /* Build configuration list for PBXNativeTarget "TestProjectWithCITests" */;
			buildPhases = (
				CEB50A48236ED8C1000FCD1A /* Sources */,
				CEB50A49236ED8C1000FCD1A /* Frameworks */,
				CEB50A4A236ED8C1000FCD1A /* Resources */,
			);
			buildRules = (
			);
			dependencies = (
				CEB50A4E236ED8C1000FCD1A /* PBXTargetDependency */,
			);
			name = TestProjectWithCITests;
			productName = TestProjectWithCITests;
			productReference = CEB50A4C236ED8C1000FCD1A /* TestProjectWithCITests.xctest */;
			productType = "com.apple.product-type.bundle.unit-test";
		};
/* End PBXNativeTarget section */

/* Begin PBXProject section */
		CEB50A2E236ED8BC000FCD1A /* Project object */ = {
			isa = PBXProject;
			attributes = {
				LastSwiftUpdateCheck = 1110;
				LastUpgradeCheck = 1110;
				ORGANIZATIONNAME = MisnikovRoman;
				TargetAttributes = {
					CEB50A35236ED8BC000FCD1A = {
						CreatedOnToolsVersion = 11.1;
					};
					CEB50A4B236ED8C1000FCD1A = {
						CreatedOnToolsVersion = 11.1;
						TestTargetID = CEB50A35236ED8BC000FCD1A;
					};
				};
			};
			buildConfigurationList = CEB50A31236ED8BC000FCD1A /* Build configuration list for PBXProject "TestProjectWithCI" */;
			compatibilityVersion = "Xcode 9.3";
			developmentRegion = en;
			hasScannedForEncodings = 0;
			knownRegions = (
				en,
				Base,
			);
			mainGroup = CEB50A2D236ED8BC000FCD1A;
			productRefGroup = CEB50A37236ED8BC000FCD1A /* Products */;
			projectDirPath = "";
			projectRoot = "";
			targets = (
				CEB50A35236ED8BC000FCD1A /* TestProjectWithCI */,
				CEB50A4B236ED8C1000FCD1A /* TestProjectWithCITests */,
			);
		};
/* End PBXProject section */

/* Begin PBXResourcesBuildPhase section */
		CEB50A34236ED8BC000FCD1A /* Resources */ = {
			isa = PBXResourcesBuildPhase;
			buildActionMask = 2147483647;
			files = (
				CEB50A46236ED8C1000FCD1A /* LaunchScreen.storyboard in Resources */,
				CEB50A43236ED8C1000FCD1A /* Assets.xcassets in Resources */,
			);
			runOnlyForDeploymentPostprocessing = 0;
		};
		CEB50A4A236ED8C1000FCD1A /* Resources */ = {
			isa = PBXResourcesBuildPhase;
			buildActionMask = 2147483647;
			files = (
			);
			runOnlyForDeploymentPostprocessing = 0;
		};
/* End PBXResourcesBuildPhase section */

/* Begin PBXSourcesBuildPhase section */
		CEB50A32236ED8BC000FCD1A /* Sources */ = {
			isa = PBXSourcesBuildPhase;
			buildActionMask = 2147483647;
			files = (
				CEB50A3E236ED8BC000FCD1A /* ViewController.swift in Sources */,
				CEB50A3A236ED8BC000FCD1A /* AppDelegate.swift in Sources */,
				CEB50A5D236EDC19000FCD1A /* Calculator.swift in Sources */,
			);
			runOnlyForDeploymentPostprocessing = 0;
		};
		CEB50A48236ED8C1000FCD1A /* Sources */ = {
			isa = PBXSourcesBuildPhase;
			buildActionMask = 2147483647;
			files = (
				CEB50A51236ED8C1000FCD1A /* CalculatorTests.swift in Sources */,
			);
			runOnlyForDeploymentPostprocessing = 0;
		};
/* End PBXSourcesBuildPhase section */

/* Begin PBXTargetDependency section */
		CEB50A4E236ED8C1000FCD1A /* PBXTargetDependency */ = {
			isa = PBXTargetDependency;
			target = CEB50A35236ED8BC000FCD1A /* TestProjectWithCI */;
			targetProxy = CEB50A4D236ED8C1000FCD1A /* PBXContainerItemProxy */;
		};
/* End PBXTargetDependency section */

/* Begin PBXVariantGroup section */
		CEB50A44236ED8C1000FCD1A /* LaunchScreen.storyboard */ = {
			isa = PBXVariantGroup;
			children = (
				CEB50A45236ED8C1000FCD1A /* Base */,
			);
			name = LaunchScreen.storyboard;
			sourceTree = "<group>";
		};
/* End PBXVariantGroup section */

/* Begin XCBuildConfiguration section */
		CEB50A53236ED8C1000FCD1A /* Debug */ = {
			isa = XCBuildConfiguration;
			buildSettings = {
				ALWAYS_SEARCH_USER_PATHS = NO;
				CLANG_ANALYZER_NONNULL = YES;
				CLANG_ANALYZER_NUMBER_OBJECT_CONVERSION = YES_AGGRESSIVE;
				CLANG_CXX_LANGUAGE_STANDARD = "gnu++14";
				CLANG_CXX_LIBRARY = "libc++";
				CLANG_ENABLE_MODULES = YES;
				CLANG_ENABLE_OBJC_ARC = YES;
				CLANG_ENABLE_OBJC_WEAK = YES;
				CLANG_WARN_BLOCK_CAPTURE_AUTORELEASING = YES;
				CLANG_WARN_BOOL_CONVERSION = YES;
				CLANG_WARN_COMMA = YES;
				CLANG_WARN_CONSTANT_CONVERSION = YES;
				CLANG_WARN_DEPRECATED_OBJC_IMPLEMENTATIONS = YES;
				CLANG_WARN_DIRECT_OBJC_ISA_USAGE = YES_ERROR;
				CLANG_WARN_DOCUMENTATION_COMMENTS = YES;
				CLANG_WARN_EMPTY_BODY = YES;
				CLANG_WARN_ENUM_CONVERSION = YES;
				CLANG_WARN_INFINITE_RECURSION = YES;
				CLANG_WARN_INT_CONVERSION = YES;
				CLANG_WARN_NON_LITERAL_NULL_CONVERSION = YES;
				CLANG_WARN_OBJC_IMPLICIT_RETAIN_SELF = YES;
				CLANG_WARN_OBJC_LITERAL_CONVERSION = YES;
				CLANG_WARN_OBJC_ROOT_CLASS = YES_ERROR;
				CLANG_WARN_RANGE_LOOP_ANALYSIS = YES;
				CLANG_WARN_STRICT_PROTOTYPES = YES;
				CLANG_WARN_SUSPICIOUS_MOVE = YES;
				CLANG_WARN_UNGUARDED_AVAILABILITY = YES_AGGRESSIVE;
				CLANG_WARN_UNREACHABLE_CODE = YES;
				CLANG_WARN__DUPLICATE_METHOD_MATCH = YES;
				COPY_PHASE_STRIP = NO;
				DEBUG_INFORMATION_FORMAT = dwarf;
				ENABLE_STRICT_OBJC_MSGSEND = YES;
				ENABLE_TESTABILITY = YES;
				GCC_C_LANGUAGE_STANDARD = gnu11;
				GCC_DYNAMIC_NO_PIC = NO;
				GCC_NO_COMMON_BLOCKS = YES;
				GCC_OPTIMIZATION_LEVEL = 0;
				GCC_PREPROCESSOR_DEFINITIONS = (
					"DEBUG=1",
					"$(inherited)",
				);
				GCC_WARN_64_TO_32_BIT_CONVERSION = YES;
				GCC_WARN_ABOUT_RETURN_TYPE = YES_ERROR;
				GCC_WARN_UNDECLARED_SELECTOR = YES;
				GCC_WARN_UNINITIALIZED_AUTOS = YES_AGGRESSIVE;
				GCC_WARN_UNUSED_FUNCTION = YES;
				GCC_WARN_UNUSED_VARIABLE = YES;
				IPHONEOS_DEPLOYMENT_TARGET = 13.1;
				MTL_ENABLE_DEBUG_INFO = INCLUDE_SOURCE;
				MTL_FAST_MATH = YES;
				ONLY_ACTIVE_ARCH = YES;
				SDKROOT = iphoneos;
				SWIFT_ACTIVE_COMPILATION_CONDITIONS = DEBUG;
				SWIFT_OPTIMIZATION_LEVEL = "-Onone";
			};
			name = Debug;
		};
		CEB50A54236ED8C1000FCD1A /* Release */ = {
			isa = XCBuildConfiguration;
			buildSettings = {
				ALWAYS_SEARCH_USER_PATHS = NO;
				CLANG_ANALYZER_NONNULL = YES;
				CLANG_ANALYZER_NUMBER_OBJECT_CONVERSION = YES_AGGRESSIVE;
				CLANG_CXX_LANGUAGE_STANDARD = "gnu++14";
				CLANG_CXX_LIBRARY = "libc++";
				CLANG_ENABLE_MODULES = YES;
				CLANG_ENABLE_OBJC_ARC = YES;
				CLANG_ENABLE_OBJC_WEAK = YES;
				CLANG_WARN_BLOCK_CAPTURE_AUTORELEASING = YES;
				CLANG_WARN_BOOL_CONVERSION = YES;
				CLANG_WARN_COMMA = YES;
				CLANG_WARN_CONSTANT_CONVERSION = YES;
				CLANG_WARN_DEPRECATED_OBJC_IMPLEMENTATIONS = YES;
				CLANG_WARN_DIRECT_OBJC_ISA_USAGE = YES_ERROR;
				CLANG_WARN_DOCUMENTATION_COMMENTS = YES;
				CLANG_WARN_EMPTY_BODY = YES;
				CLANG_WARN_ENUM_CONVERSION = YES;
				CLANG_WARN_INFINITE_RECURSION = YES;
				CLANG_WARN_INT_CONVERSION = YES;
				CLANG_WARN_NON_LITERAL_NULL_CONVERSION = YES;
				CLANG_WARN_OBJC_IMPLICIT_RETAIN_SELF = YES;
				CLANG_WARN_OBJC_LITERAL_CONVERSION = YES;
				CLANG_WARN_OBJC_ROOT_CLASS = YES_ERROR;
				CLANG_WARN_RANGE_LOOP_ANALYSIS = YES;
				CLANG_WARN_STRICT_PROTOTYPES = YES;
				CLANG_WARN_SUSPICIOUS_MOVE = YES;
				CLANG_WARN_UNGUARDED_AVAILABILITY = YES_AGGRESSIVE;
				CLANG_WARN_UNREACHABLE_CODE = YES;
				CLANG_WARN__DUPLICATE_METHOD_MATCH = YES;
				COPY_PHASE_STRIP = NO;
				DEBUG_INFORMATION_FORMAT = "dwarf-with-dsym";
				ENABLE_NS_ASSERTIONS = NO;
				ENABLE_STRICT_OBJC_MSGSEND = YES;
				GCC_C_LANGUAGE_STANDARD = gnu11;
				GCC_NO_COMMON_BLOCKS = YES;
				GCC_WARN_64_TO_32_BIT_CONVERSION = YES;
				GCC_WARN_ABOUT_RETURN_TYPE = YES_ERROR;
				GCC_WARN_UNDECLARED_SELECTOR = YES;
				GCC_WARN_UNINITIALIZED_AUTOS = YES_AGGRESSIVE;
				GCC_WARN_UNUSED_FUNCTION = YES;
				GCC_WARN_UNUSED_VARIABLE = YES;
				IPHONEOS_DEPLOYMENT_TARGET = 13.1;
				MTL_ENABLE_DEBUG_INFO = NO;
				MTL_FAST_MATH = YES;
				SDKROOT = iphoneos;
				SWIFT_COMPILATION_MODE = wholemodule;
				SWIFT_OPTIMIZATION_LEVEL = "-O";
				VALIDATE_PRODUCT = YES;
			};
			name = Release;
		};
		CEB50A56236ED8C1000FCD1A /* Debug */ = {
			isa = XCBuildConfiguration;
			buildSettings = {
				ASSETCATALOG_COMPILER_APPICON_NAME = AppIcon;
				CODE_SIGN_STYLE = Automatic;
				DEVELOPMENT_TEAM = JJHX98NUDV;
				INFOPLIST_FILE = TestProjectWithCI/SupportingFiles/Info.plist;
				LD_RUNPATH_SEARCH_PATHS = (
					"$(inherited)",
					"@executable_path/Frameworks",
				);
				PRODUCT_BUNDLE_IDENTIFIER = com.RFMisnikov.TestProjectWithCI;
				PRODUCT_NAME = "$(TARGET_NAME)";
				SWIFT_VERSION = 5.0;
				TARGETED_DEVICE_FAMILY = 1;
			};
			name = Debug;
		};
		CEB50A57236ED8C1000FCD1A /* Release */ = {
			isa = XCBuildConfiguration;
			buildSettings = {
				ASSETCATALOG_COMPILER_APPICON_NAME = AppIcon;
				CODE_SIGN_STYLE = Automatic;
				DEVELOPMENT_TEAM = JJHX98NUDV;
				INFOPLIST_FILE = TestProjectWithCI/SupportingFiles/Info.plist;
				LD_RUNPATH_SEARCH_PATHS = (
					"$(inherited)",
					"@executable_path/Frameworks",
				);
				PRODUCT_BUNDLE_IDENTIFIER = com.RFMisnikov.TestProjectWithCI;
				PRODUCT_NAME = "$(TARGET_NAME)";
				SWIFT_VERSION = 5.0;
				TARGETED_DEVICE_FAMILY = 1;
			};
			name = Release;
		};
		CEB50A59236ED8C1000FCD1A /* Debug */ = {
			isa = XCBuildConfiguration;
			buildSettings = {
				ALWAYS_EMBED_SWIFT_STANDARD_LIBRARIES = YES;
				BUNDLE_LOADER = "$(TEST_HOST)";
				CODE_SIGN_STYLE = Automatic;
				DEVELOPMENT_TEAM = JJHX98NUDV;
				INFOPLIST_FILE = TestProjectWithCITests/Info.plist;
				IPHONEOS_DEPLOYMENT_TARGET = 13.1;
				LD_RUNPATH_SEARCH_PATHS = (
					"$(inherited)",
					"@executable_path/Frameworks",
					"@loader_path/Frameworks",
				);
				PRODUCT_BUNDLE_IDENTIFIER = com.RFMisnikov.TestProjectWithCITests;
				PRODUCT_NAME = "$(TARGET_NAME)";
				SWIFT_VERSION = 5.0;
				TARGETED_DEVICE_FAMILY = "1,2";
				TEST_HOST = "$(BUILT_PRODUCTS_DIR)/TestProjectWithCI.app/TestProjectWithCI";
			};
			name = Debug;
		};
		CEB50A5A236ED8C1000FCD1A /* Release */ = {
			isa = XCBuildConfiguration;
			buildSettings = {
				ALWAYS_EMBED_SWIFT_STANDARD_LIBRARIES = YES;
				BUNDLE_LOADER = "$(TEST_HOST)";
				CODE_SIGN_STYLE = Automatic;
				DEVELOPMENT_TEAM = JJHX98NUDV;
				INFOPLIST_FILE = TestProjectWithCITests/Info.plist;
				IPHONEOS_DEPLOYMENT_TARGET = 13.1;
				LD_RUNPATH_SEARCH_PATHS = (
					"$(inherited)",
					"@executable_path/Frameworks",
					"@loader_path/Frameworks",
				);
				PRODUCT_BUNDLE_IDENTIFIER = com.RFMisnikov.TestProjectWithCITests;
				PRODUCT_NAME = "$(TARGET_NAME)";
				SWIFT_VERSION = 5.0;
				TARGETED_DEVICE_FAMILY = "1,2";
				TEST_HOST = "$(BUILT_PRODUCTS_DIR)/TestProjectWithCI.app/TestProjectWithCI";
			};
			name = Release;
		};
/* End XCBuildConfiguration section */

/* Begin XCConfigurationList section */
		CEB50A31236ED8BC000FCD1A /* Build configuration list for PBXProject "TestProjectWithCI" */ = {
			isa = XCConfigurationList;
			buildConfigurations = (
				CEB50A53236ED8C1000FCD1A /* Debug */,
				CEB50A54236ED8C1000FCD1A /* Release */,
			);
			defaultConfigurationIsVisible = 0;
			defaultConfigurationName = Release;
		};
		CEB50A55236ED8C1000FCD1A /* Build configuration list for PBXNativeTarget "TestProjectWithCI" */ = {
			isa = XCConfigurationList;
			buildConfigurations = (
				CEB50A56236ED8C1000FCD1A /* Debug */,
				CEB50A57236ED8C1000FCD1A /* Release */,
			);
			defaultConfigurationIsVisible = 0;
			defaultConfigurationName = Release;
		};
		CEB50A58236ED8C1000FCD1A /* Build configuration list for PBXNativeTarget "TestProjectWithCITests" */ = {
			isa = XCConfigurationList;
			buildConfigurations = (
				CEB50A59236ED8C1000FCD1A /* Debug */,
				CEB50A5A236ED8C1000FCD1A /* Release */,
			);
			defaultConfigurationIsVisible = 0;
			defaultConfigurationName = Release;
		};
/* End XCConfigurationList section */
	};
	rootObject = CEB50A2E236ED8BC000FCD1A /* Project object */;
}
