// !$*UTF8*$!
{
	archiveVersion = 1;
	classes = {
	};
	objectVersion = 51;
	objects = {

/* Begin PBXBuildFile section */
		C3A44273F9462A95212CA75E /* Pods_CalculatorTests.framework in Frameworks */ = {isa = PBXBuildFile; fileRef = 4D383C9B63F56ED84F2EA3E1 /* Pods_CalculatorTests.framework */; };
		C6017FAB2389AACF00DB7A7A /* PendingResult.swift in Sources */ = {isa = PBXBuildFile; fileRef = C6017FAA2389AACF00DB7A7A /* PendingResult.swift */; };
		C6017FB52389B94E00DB7A7A /* IPendingResult.swift in Sources */ = {isa = PBXBuildFile; fileRef = C6017FB42389B94E00DB7A7A /* IPendingResult.swift */; };
		C6017FB72389B99200DB7A7A /* IDisplayInfo.swift in Sources */ = {isa = PBXBuildFile; fileRef = C6017FB62389B99200DB7A7A /* IDisplayInfo.swift */; };
		C6017FB92389B9DA00DB7A7A /* IButton.swift in Sources */ = {isa = PBXBuildFile; fileRef = C6017FB82389B9DA00DB7A7A /* IButton.swift */; };
		C6017FC1238AC4EC00DB7A7A /* FormatterExtensions.swift in Sources */ = {isa = PBXBuildFile; fileRef = C6017FC0238AC4EC00DB7A7A /* FormatterExtensions.swift */; };
		C6017FC3238AE1E800DB7A7A /* ButtonExtension.swift in Sources */ = {isa = PBXBuildFile; fileRef = C6017FC2238AE1E800DB7A7A /* ButtonExtension.swift */; };
		C66B37FC2388319A009BAA09 /* RPN.swift in Sources */ = {isa = PBXBuildFile; fileRef = C66B37FB2388319A009BAA09 /* RPN.swift */; };
		C6AB4F8C238196AF00DD4C9C /* FiraSans-Light.ttf in Resources */ = {isa = PBXBuildFile; fileRef = CA33EE5B237AD45500B5D09F /* FiraSans-Light.ttf */; };
		C6AB4F8D238196B000DD4C9C /* FiraSans-Light.ttf in Resources */ = {isa = PBXBuildFile; fileRef = CA33EE5B237AD45500B5D09F /* FiraSans-Light.ttf */; };
		C6AB4F8E238196B300DD4C9C /* FiraSans-Regular.ttf in Resources */ = {isa = PBXBuildFile; fileRef = CA33EE59237AD45500B5D09F /* FiraSans-Regular.ttf */; };
		C6AB4F8F238196B400DD4C9C /* FiraSans-Regular.ttf in Resources */ = {isa = PBXBuildFile; fileRef = CA33EE59237AD45500B5D09F /* FiraSans-Regular.ttf */; };
		C6AB4F9223819DD900DD4C9C /* CalculatorScreen.swift in Sources */ = {isa = PBXBuildFile; fileRef = C6AB4F9123819DD900DD4C9C /* CalculatorScreen.swift */; };
		C6AB4F942381A17E00DD4C9C /* CalculatorButton.swift in Sources */ = {isa = PBXBuildFile; fileRef = C6AB4F932381A17E00DD4C9C /* CalculatorButton.swift */; };
		C6AB4F962381A29400DD4C9C /* CalculatorDisplay.swift in Sources */ = {isa = PBXBuildFile; fileRef = C6AB4F952381A29400DD4C9C /* CalculatorDisplay.swift */; };
		C6B2CDBB238C08FC006C82AE /* IChangeAC.swift in Sources */ = {isa = PBXBuildFile; fileRef = C6B2CDBA238C08FC006C82AE /* IChangeAC.swift */; };
		C6FBE42423831F05009CDB31 /* ButtonRow.swift in Sources */ = {isa = PBXBuildFile; fileRef = C6FBE42323831F05009CDB31 /* ButtonRow.swift */; };
		C6FBE42623831F9B009CDB31 /* ButtonsStack.swift in Sources */ = {isa = PBXBuildFile; fileRef = C6FBE42523831F9B009CDB31 /* ButtonsStack.swift */; };
		CA33EE3A237ACA1500B5D09F /* AppDelegate.swift in Sources */ = {isa = PBXBuildFile; fileRef = CA33EE39237ACA1500B5D09F /* AppDelegate.swift */; };
		CA33EE3E237ACA1500B5D09F /* CalculatorViewController.swift in Sources */ = {isa = PBXBuildFile; fileRef = CA33EE3D237ACA1500B5D09F /* CalculatorViewController.swift */; };
		CA33EE43237ACA1900B5D09F /* Assets.xcassets in Resources */ = {isa = PBXBuildFile; fileRef = CA33EE42237ACA1900B5D09F /* Assets.xcassets */; };
		CA33EE46237ACA1A00B5D09F /* LaunchScreen.storyboard in Resources */ = {isa = PBXBuildFile; fileRef = CA33EE44237ACA1A00B5D09F /* LaunchScreen.storyboard */; };
		CA33EE76237EF41600B5D09F /* CalculatorTests.swift in Sources */ = {isa = PBXBuildFile; fileRef = CA33EE75237EF41600B5D09F /* CalculatorTests.swift */; };
		FD1845FBBFE1DED8F24ED58A /* Pods_Calculator.framework in Frameworks */ = {isa = PBXBuildFile; fileRef = 28450808F086F21E93E1C3E6 /* Pods_Calculator.framework */; };
/* End PBXBuildFile section */

/* Begin PBXContainerItemProxy section */
		CA33EE78237EF41600B5D09F /* PBXContainerItemProxy */ = {
			isa = PBXContainerItemProxy;
			containerPortal = CA33EE2E237ACA1500B5D09F /* Project object */;
			proxyType = 1;
			remoteGlobalIDString = CA33EE35237ACA1500B5D09F;
			remoteInfo = Calculator;
		};
/* End PBXContainerItemProxy section */

/* Begin PBXFileReference section */
		28450808F086F21E93E1C3E6 /* Pods_Calculator.framework */ = {isa = PBXFileReference; explicitFileType = wrapper.framework; includeInIndex = 0; path = Pods_Calculator.framework; sourceTree = BUILT_PRODUCTS_DIR; };
		4D383C9B63F56ED84F2EA3E1 /* Pods_CalculatorTests.framework */ = {isa = PBXFileReference; explicitFileType = wrapper.framework; includeInIndex = 0; path = Pods_CalculatorTests.framework; sourceTree = BUILT_PRODUCTS_DIR; };
		51A3557A67958599931DAAB0 /* Pods-Calculator.debug.xcconfig */ = {isa = PBXFileReference; includeInIndex = 1; lastKnownFileType = text.xcconfig; name = "Pods-Calculator.debug.xcconfig"; path = "Target Support Files/Pods-Calculator/Pods-Calculator.debug.xcconfig"; sourceTree = "<group>"; };
		7F503E6E185ECBFF99BBD31C /* Pods-CalculatorTests.debug.xcconfig */ = {isa = PBXFileReference; includeInIndex = 1; lastKnownFileType = text.xcconfig; name = "Pods-CalculatorTests.debug.xcconfig"; path = "Target Support Files/Pods-CalculatorTests/Pods-CalculatorTests.debug.xcconfig"; sourceTree = "<group>"; };
		A6B995DC6F11599123CDACE6 /* Pods-Calculator.release.xcconfig */ = {isa = PBXFileReference; includeInIndex = 1; lastKnownFileType = text.xcconfig; name = "Pods-Calculator.release.xcconfig"; path = "Target Support Files/Pods-Calculator/Pods-Calculator.release.xcconfig"; sourceTree = "<group>"; };
		BA70F5370090042EEFEDA8C6 /* Pods-CalculatorTests.release.xcconfig */ = {isa = PBXFileReference; includeInIndex = 1; lastKnownFileType = text.xcconfig; name = "Pods-CalculatorTests.release.xcconfig"; path = "Target Support Files/Pods-CalculatorTests/Pods-CalculatorTests.release.xcconfig"; sourceTree = "<group>"; };
		C6017FAA2389AACF00DB7A7A /* PendingResult.swift */ = {isa = PBXFileReference; lastKnownFileType = sourcecode.swift; name = PendingResult.swift; path = ../PendingResult.swift; sourceTree = "<group>"; };
		C6017FB42389B94E00DB7A7A /* IPendingResult.swift */ = {isa = PBXFileReference; lastKnownFileType = sourcecode.swift; path = IPendingResult.swift; sourceTree = "<group>"; };
		C6017FB62389B99200DB7A7A /* IDisplayInfo.swift */ = {isa = PBXFileReference; lastKnownFileType = sourcecode.swift; path = IDisplayInfo.swift; sourceTree = "<group>"; };
		C6017FB82389B9DA00DB7A7A /* IButton.swift */ = {isa = PBXFileReference; lastKnownFileType = sourcecode.swift; path = IButton.swift; sourceTree = "<group>"; };
		C6017FC0238AC4EC00DB7A7A /* FormatterExtensions.swift */ = {isa = PBXFileReference; lastKnownFileType = sourcecode.swift; path = FormatterExtensions.swift; sourceTree = "<group>"; };
		C6017FC2238AE1E800DB7A7A /* ButtonExtension.swift */ = {isa = PBXFileReference; lastKnownFileType = sourcecode.swift; path = ButtonExtension.swift; sourceTree = "<group>"; };
		C66B37FB2388319A009BAA09 /* RPN.swift */ = {isa = PBXFileReference; lastKnownFileType = sourcecode.swift; name = RPN.swift; path = ../RPN.swift; sourceTree = "<group>"; };
		C6AB4F9123819DD900DD4C9C /* CalculatorScreen.swift */ = {isa = PBXFileReference; lastKnownFileType = sourcecode.swift; name = CalculatorScreen.swift; path = ../CalculatorScreen.swift; sourceTree = "<group>"; };
		C6AB4F932381A17E00DD4C9C /* CalculatorButton.swift */ = {isa = PBXFileReference; lastKnownFileType = sourcecode.swift; path = CalculatorButton.swift; sourceTree = "<group>"; };
		C6AB4F952381A29400DD4C9C /* CalculatorDisplay.swift */ = {isa = PBXFileReference; lastKnownFileType = sourcecode.swift; path = CalculatorDisplay.swift; sourceTree = "<group>"; };
		C6B2CDBA238C08FC006C82AE /* IChangeAC.swift */ = {isa = PBXFileReference; lastKnownFileType = sourcecode.swift; path = IChangeAC.swift; sourceTree = "<group>"; };
		C6FBE42323831F05009CDB31 /* ButtonRow.swift */ = {isa = PBXFileReference; lastKnownFileType = sourcecode.swift; path = ButtonRow.swift; sourceTree = "<group>"; };
		C6FBE42523831F9B009CDB31 /* ButtonsStack.swift */ = {isa = PBXFileReference; lastKnownFileType = sourcecode.swift; path = ButtonsStack.swift; sourceTree = "<group>"; };
		CA33EE36237ACA1500B5D09F /* Calculator.app */ = {isa = PBXFileReference; explicitFileType = wrapper.application; includeInIndex = 0; path = Calculator.app; sourceTree = BUILT_PRODUCTS_DIR; };
		CA33EE39237ACA1500B5D09F /* AppDelegate.swift */ = {isa = PBXFileReference; lastKnownFileType = sourcecode.swift; path = AppDelegate.swift; sourceTree = "<group>"; };
		CA33EE3D237ACA1500B5D09F /* CalculatorViewController.swift */ = {isa = PBXFileReference; lastKnownFileType = sourcecode.swift; path = CalculatorViewController.swift; sourceTree = "<group>"; };
		CA33EE42237ACA1900B5D09F /* Assets.xcassets */ = {isa = PBXFileReference; lastKnownFileType = folder.assetcatalog; path = Assets.xcassets; sourceTree = "<group>"; };
		CA33EE45237ACA1A00B5D09F /* Base */ = {isa = PBXFileReference; lastKnownFileType = file.storyboard; name = Base; path = Base.lproj/LaunchScreen.storyboard; sourceTree = "<group>"; };
		CA33EE47237ACA1A00B5D09F /* Info.plist */ = {isa = PBXFileReference; lastKnownFileType = text.plist.xml; path = Info.plist; sourceTree = "<group>"; };
		CA33EE59237AD45500B5D09F /* FiraSans-Regular.ttf */ = {isa = PBXFileReference; lastKnownFileType = file; path = "FiraSans-Regular.ttf"; sourceTree = "<group>"; };
		CA33EE5B237AD45500B5D09F /* FiraSans-Light.ttf */ = {isa = PBXFileReference; lastKnownFileType = file; path = "FiraSans-Light.ttf"; sourceTree = "<group>"; };
		CA33EE73237EF41600B5D09F /* CalculatorTests.xctest */ = {isa = PBXFileReference; explicitFileType = wrapper.cfbundle; includeInIndex = 0; path = CalculatorTests.xctest; sourceTree = BUILT_PRODUCTS_DIR; };
		CA33EE75237EF41600B5D09F /* CalculatorTests.swift */ = {isa = PBXFileReference; lastKnownFileType = sourcecode.swift; path = CalculatorTests.swift; sourceTree = "<group>"; };
		CA33EE77237EF41600B5D09F /* Info.plist */ = {isa = PBXFileReference; lastKnownFileType = text.plist.xml; path = Info.plist; sourceTree = "<group>"; };
/* End PBXFileReference section */

/* Begin PBXFrameworksBuildPhase section */
		CA33EE33237ACA1500B5D09F /* Frameworks */ = {
			isa = PBXFrameworksBuildPhase;
			buildActionMask = 2147483647;
			files = (
				FD1845FBBFE1DED8F24ED58A /* Pods_Calculator.framework in Frameworks */,
			);
			runOnlyForDeploymentPostprocessing = 0;
		};
		CA33EE70237EF41600B5D09F /* Frameworks */ = {
			isa = PBXFrameworksBuildPhase;
			buildActionMask = 2147483647;
			files = (
				C3A44273F9462A95212CA75E /* Pods_CalculatorTests.framework in Frameworks */,
			);
			runOnlyForDeploymentPostprocessing = 0;
		};
/* End PBXFrameworksBuildPhase section */

/* Begin PBXGroup section */
		4D9DA2FFD9BF2B93A0EF43F1 /* Pods */ = {
			isa = PBXGroup;
			children = (
				51A3557A67958599931DAAB0 /* Pods-Calculator.debug.xcconfig */,
				A6B995DC6F11599123CDACE6 /* Pods-Calculator.release.xcconfig */,
				7F503E6E185ECBFF99BBD31C /* Pods-CalculatorTests.debug.xcconfig */,
				BA70F5370090042EEFEDA8C6 /* Pods-CalculatorTests.release.xcconfig */,
			);
			path = Pods;
			sourceTree = "<group>";
		};
		C6017FAD2389AF1C00DB7A7A /* Model */ = {
			isa = PBXGroup;
			children = (
				C66B37FB2388319A009BAA09 /* RPN.swift */,
				C6017FAA2389AACF00DB7A7A /* PendingResult.swift */,
			);
			path = Model;
			sourceTree = "<group>";
		};
		C66B3801238871C7009BAA09 /* Protocols */ = {
			isa = PBXGroup;
			children = (
				C6017FB82389B9DA00DB7A7A /* IButton.swift */,
				C6017FB42389B94E00DB7A7A /* IPendingResult.swift */,
				C6B2CDBA238C08FC006C82AE /* IChangeAC.swift */,
				C6017FB62389B99200DB7A7A /* IDisplayInfo.swift */,
			);
			path = Protocols;
			sourceTree = "<group>";
		};
		C6717B01238C379800FE6EA0 /* Extensions */ = {
			isa = PBXGroup;
			children = (
				C6017FC0238AC4EC00DB7A7A /* FormatterExtensions.swift */,
				C6017FC2238AE1E800DB7A7A /* ButtonExtension.swift */,
			);
			path = Extensions;
			sourceTree = "<group>";
		};
		C6AB4F9023819D3A00DD4C9C /* Views */ = {
			isa = PBXGroup;
			children = (
				C6AB4F932381A17E00DD4C9C /* CalculatorButton.swift */,
				C6FBE42323831F05009CDB31 /* ButtonRow.swift */,
				C6FBE42523831F9B009CDB31 /* ButtonsStack.swift */,
				C6AB4F952381A29400DD4C9C /* CalculatorDisplay.swift */,
				C6AB4F9123819DD900DD4C9C /* CalculatorScreen.swift */,
			);
			path = Views;
			sourceTree = "<group>";
		};
		CA33EE2D237ACA1500B5D09F = {
			isa = PBXGroup;
			children = (
				CA33EE38237ACA1500B5D09F /* Calculator */,
				CA33EE74237EF41600B5D09F /* CalculatorTests */,
				CA33EE37237ACA1500B5D09F /* Products */,
				4D9DA2FFD9BF2B93A0EF43F1 /* Pods */,
				FECCB8303B5CC609EDD93D6D /* Frameworks */,
			);
			sourceTree = "<group>";
		};
		CA33EE37237ACA1500B5D09F /* Products */ = {
			isa = PBXGroup;
			children = (
				CA33EE36237ACA1500B5D09F /* Calculator.app */,
				CA33EE73237EF41600B5D09F /* CalculatorTests.xctest */,
			);
			name = Products;
			sourceTree = "<group>";
		};
		CA33EE38237ACA1500B5D09F /* Calculator */ = {
			isa = PBXGroup;
			children = (
				C6717B01238C379800FE6EA0 /* Extensions */,
				C66B3801238871C7009BAA09 /* Protocols */,
				C6017FAD2389AF1C00DB7A7A /* Model */,
				C6AB4F9023819D3A00DD4C9C /* Views */,
				CA33EE56237AD43200B5D09F /* Resources */,
				CA33EE50237ACD3800B5D09F /* Application */,
				CA33EE4F237ACD0E00B5D09F /* Controllers */,
				CA33EE4E237ACCF700B5D09F /* SupportingFiles */,
			);
			path = Calculator;
			sourceTree = "<group>";
		};
		CA33EE4E237ACCF700B5D09F /* SupportingFiles */ = {
			isa = PBXGroup;
			children = (
				CA33EE42237ACA1900B5D09F /* Assets.xcassets */,
				CA33EE44237ACA1A00B5D09F /* LaunchScreen.storyboard */,
				CA33EE47237ACA1A00B5D09F /* Info.plist */,
			);
			path = SupportingFiles;
			sourceTree = "<group>";
		};
		CA33EE4F237ACD0E00B5D09F /* Controllers */ = {
			isa = PBXGroup;
			children = (
				CA33EE3D237ACA1500B5D09F /* CalculatorViewController.swift */,
			);
			path = Controllers;
			sourceTree = "<group>";
		};
		CA33EE50237ACD3800B5D09F /* Application */ = {
			isa = PBXGroup;
			children = (
				CA33EE39237ACA1500B5D09F /* AppDelegate.swift */,
			);
			path = Application;
			sourceTree = "<group>";
		};
		CA33EE56237AD43200B5D09F /* Resources */ = {
			isa = PBXGroup;
			children = (
				CA33EE57237AD43E00B5D09F /* Fonts */,
			);
			path = Resources;
			sourceTree = "<group>";
		};
		CA33EE57237AD43E00B5D09F /* Fonts */ = {
			isa = PBXGroup;
			children = (
				CA33EE5B237AD45500B5D09F /* FiraSans-Light.ttf */,
				CA33EE59237AD45500B5D09F /* FiraSans-Regular.ttf */,
			);
			path = Fonts;
			sourceTree = "<group>";
		};
		CA33EE74237EF41600B5D09F /* CalculatorTests */ = {
			isa = PBXGroup;
			children = (
				CA33EE75237EF41600B5D09F /* CalculatorTests.swift */,
				CA33EE77237EF41600B5D09F /* Info.plist */,
			);
			path = CalculatorTests;
			sourceTree = "<group>";
		};
		FECCB8303B5CC609EDD93D6D /* Frameworks */ = {
			isa = PBXGroup;
			children = (
				28450808F086F21E93E1C3E6 /* Pods_Calculator.framework */,
				4D383C9B63F56ED84F2EA3E1 /* Pods_CalculatorTests.framework */,
			);
			name = Frameworks;
			sourceTree = "<group>";
		};
/* End PBXGroup section */

/* Begin PBXNativeTarget section */
		CA33EE35237ACA1500B5D09F /* Calculator */ = {
			isa = PBXNativeTarget;
			buildConfigurationList = CA33EE4A237ACA1A00B5D09F /* Build configuration list for PBXNativeTarget "Calculator" */;
			buildPhases = (
				58008EDE6CA3731A037E6EFE /* [CP] Check Pods Manifest.lock */,
				CA33EE32237ACA1500B5D09F /* Sources */,
				CA33EE33237ACA1500B5D09F /* Frameworks */,
				CA33EE34237ACA1500B5D09F /* Resources */,
				CA33EE4D237ACA8D00B5D09F /* Swiftlint */,
				9C4A1377C877C95FF553A1D4 /* [CP] Embed Pods Frameworks */,
			);
			buildRules = (
			);
			dependencies = (
			);
			name = Calculator;
			productName = Calculator;
			productReference = CA33EE36237ACA1500B5D09F /* Calculator.app */;
			productType = "com.apple.product-type.application";
		};
		CA33EE72237EF41600B5D09F /* CalculatorTests */ = {
			isa = PBXNativeTarget;
			buildConfigurationList = CA33EE7C237EF41600B5D09F /* Build configuration list for PBXNativeTarget "CalculatorTests" */;
			buildPhases = (
				7F0C6C3DB45756A101710264 /* [CP] Check Pods Manifest.lock */,
				CA33EE6F237EF41600B5D09F /* Sources */,
				CA33EE70237EF41600B5D09F /* Frameworks */,
				CA33EE71237EF41600B5D09F /* Resources */,
			);
			buildRules = (
			);
			dependencies = (
				CA33EE79237EF41600B5D09F /* PBXTargetDependency */,
			);
			name = CalculatorTests;
			productName = CalculatorTests;
			productReference = CA33EE73237EF41600B5D09F /* CalculatorTests.xctest */;
			productType = "com.apple.product-type.bundle.unit-test";
		};
/* End PBXNativeTarget section */

/* Begin PBXProject section */
		CA33EE2E237ACA1500B5D09F /* Project object */ = {
			isa = PBXProject;
			attributes = {
				LastSwiftUpdateCheck = 1110;
				LastUpgradeCheck = 1110;
				ORGANIZATIONNAME = "Artem Orlov";
				TargetAttributes = {
					CA33EE35237ACA1500B5D09F = {
						CreatedOnToolsVersion = 11.1;
					};
					CA33EE72237EF41600B5D09F = {
						CreatedOnToolsVersion = 11.1;
						TestTargetID = CA33EE35237ACA1500B5D09F;
					};
				};
			};
			buildConfigurationList = CA33EE31237ACA1500B5D09F /* Build configuration list for PBXProject "Calculator" */;
			compatibilityVersion = "Xcode 9.3";
			developmentRegion = en;
			hasScannedForEncodings = 0;
			knownRegions = (
				en,
				Base,
			);
			mainGroup = CA33EE2D237ACA1500B5D09F;
			productRefGroup = CA33EE37237ACA1500B5D09F /* Products */;
			projectDirPath = "";
			projectRoot = "";
			targets = (
				CA33EE35237ACA1500B5D09F /* Calculator */,
				CA33EE72237EF41600B5D09F /* CalculatorTests */,
			);
		};
/* End PBXProject section */

/* Begin PBXResourcesBuildPhase section */
		CA33EE34237ACA1500B5D09F /* Resources */ = {
			isa = PBXResourcesBuildPhase;
			buildActionMask = 2147483647;
			files = (
				C6AB4F8C238196AF00DD4C9C /* FiraSans-Light.ttf in Resources */,
				CA33EE46237ACA1A00B5D09F /* LaunchScreen.storyboard in Resources */,
				C6AB4F8E238196B300DD4C9C /* FiraSans-Regular.ttf in Resources */,
				CA33EE43237ACA1900B5D09F /* Assets.xcassets in Resources */,
			);
			runOnlyForDeploymentPostprocessing = 0;
		};
		CA33EE71237EF41600B5D09F /* Resources */ = {
			isa = PBXResourcesBuildPhase;
			buildActionMask = 2147483647;
			files = (
				C6AB4F8F238196B400DD4C9C /* FiraSans-Regular.ttf in Resources */,
				C6AB4F8D238196B000DD4C9C /* FiraSans-Light.ttf in Resources */,
			);
			runOnlyForDeploymentPostprocessing = 0;
		};
/* End PBXResourcesBuildPhase section */

/* Begin PBXShellScriptBuildPhase section */
		58008EDE6CA3731A037E6EFE /* [CP] Check Pods Manifest.lock */ = {
			isa = PBXShellScriptBuildPhase;
			buildActionMask = 2147483647;
			files = (
			);
			inputFileListPaths = (
			);
			inputPaths = (
				"${PODS_PODFILE_DIR_PATH}/Podfile.lock",
				"${PODS_ROOT}/Manifest.lock",
			);
			name = "[CP] Check Pods Manifest.lock";
			outputFileListPaths = (
			);
			outputPaths = (
				"$(DERIVED_FILE_DIR)/Pods-Calculator-checkManifestLockResult.txt",
			);
			runOnlyForDeploymentPostprocessing = 0;
			shellPath = /bin/sh;
			shellScript = "diff \"${PODS_PODFILE_DIR_PATH}/Podfile.lock\" \"${PODS_ROOT}/Manifest.lock\" > /dev/null\nif [ $? != 0 ] ; then\n    # print error to STDERR\n    echo \"error: The sandbox is not in sync with the Podfile.lock. Run 'pod install' or update your CocoaPods installation.\" >&2\n    exit 1\nfi\n# This output is used by Xcode 'outputs' to avoid re-running this script phase.\necho \"SUCCESS\" > \"${SCRIPT_OUTPUT_FILE_0}\"\n";
			showEnvVarsInLog = 0;
		};
		7F0C6C3DB45756A101710264 /* [CP] Check Pods Manifest.lock */ = {
			isa = PBXShellScriptBuildPhase;
			buildActionMask = 2147483647;
			files = (
			);
			inputFileListPaths = (
			);
			inputPaths = (
				"${PODS_PODFILE_DIR_PATH}/Podfile.lock",
				"${PODS_ROOT}/Manifest.lock",
			);
			name = "[CP] Check Pods Manifest.lock";
			outputFileListPaths = (
			);
			outputPaths = (
				"$(DERIVED_FILE_DIR)/Pods-CalculatorTests-checkManifestLockResult.txt",
			);
			runOnlyForDeploymentPostprocessing = 0;
			shellPath = /bin/sh;
			shellScript = "diff \"${PODS_PODFILE_DIR_PATH}/Podfile.lock\" \"${PODS_ROOT}/Manifest.lock\" > /dev/null\nif [ $? != 0 ] ; then\n    # print error to STDERR\n    echo \"error: The sandbox is not in sync with the Podfile.lock. Run 'pod install' or update your CocoaPods installation.\" >&2\n    exit 1\nfi\n# This output is used by Xcode 'outputs' to avoid re-running this script phase.\necho \"SUCCESS\" > \"${SCRIPT_OUTPUT_FILE_0}\"\n";
			showEnvVarsInLog = 0;
		};
		9C4A1377C877C95FF553A1D4 /* [CP] Embed Pods Frameworks */ = {
			isa = PBXShellScriptBuildPhase;
			buildActionMask = 2147483647;
			files = (
			);
			inputFileListPaths = (
				"${PODS_ROOT}/Target Support Files/Pods-Calculator/Pods-Calculator-frameworks-${CONFIGURATION}-input-files.xcfilelist",
			);
			name = "[CP] Embed Pods Frameworks";
			outputFileListPaths = (
				"${PODS_ROOT}/Target Support Files/Pods-Calculator/Pods-Calculator-frameworks-${CONFIGURATION}-output-files.xcfilelist",
			);
			runOnlyForDeploymentPostprocessing = 0;
			shellPath = /bin/sh;
			shellScript = "\"${PODS_ROOT}/Target Support Files/Pods-Calculator/Pods-Calculator-frameworks.sh\"\n";
			showEnvVarsInLog = 0;
		};
		CA33EE4D237ACA8D00B5D09F /* Swiftlint */ = {
			isa = PBXShellScriptBuildPhase;
			buildActionMask = 2147483647;
			files = (
			);
			inputFileListPaths = (
			);
			inputPaths = (
			);
			name = Swiftlint;
			outputFileListPaths = (
			);
			outputPaths = (
			);
			runOnlyForDeploymentPostprocessing = 0;
			shellPath = /bin/sh;
			shellScript = "if which swiftlint >/dev/null; then\n  swiftlint\nelse\n  echo \"warning: SwiftLint not installed, download from https://github.com/realm/SwiftLint\"\nfi\n";
		};
/* End PBXShellScriptBuildPhase section */

/* Begin PBXSourcesBuildPhase section */
		CA33EE32237ACA1500B5D09F /* Sources */ = {
			isa = PBXSourcesBuildPhase;
			buildActionMask = 2147483647;
			files = (
				CA33EE3E237ACA1500B5D09F /* CalculatorViewController.swift in Sources */,
				C6AB4F9223819DD900DD4C9C /* CalculatorScreen.swift in Sources */,
				C6017FB52389B94E00DB7A7A /* IPendingResult.swift in Sources */,
				C6017FAB2389AACF00DB7A7A /* PendingResult.swift in Sources */,
				C6B2CDBB238C08FC006C82AE /* IChangeAC.swift in Sources */,
				C6017FC1238AC4EC00DB7A7A /* FormatterExtensions.swift in Sources */,
				C6FBE42623831F9B009CDB31 /* ButtonsStack.swift in Sources */,
				C6017FB72389B99200DB7A7A /* IDisplayInfo.swift in Sources */,
				CA33EE3A237ACA1500B5D09F /* AppDelegate.swift in Sources */,
				C6017FC3238AE1E800DB7A7A /* ButtonExtension.swift in Sources */,
				C66B37FC2388319A009BAA09 /* RPN.swift in Sources */,
				C6AB4F942381A17E00DD4C9C /* CalculatorButton.swift in Sources */,
				C6017FB92389B9DA00DB7A7A /* IButton.swift in Sources */,
				C6FBE42423831F05009CDB31 /* ButtonRow.swift in Sources */,
				C6AB4F962381A29400DD4C9C /* CalculatorDisplay.swift in Sources */,
			);
			runOnlyForDeploymentPostprocessing = 0;
		};
		CA33EE6F237EF41600B5D09F /* Sources */ = {
			isa = PBXSourcesBuildPhase;
			buildActionMask = 2147483647;
			files = (
				CA33EE76237EF41600B5D09F /* CalculatorTests.swift in Sources */,
			);
			runOnlyForDeploymentPostprocessing = 0;
		};
/* End PBXSourcesBuildPhase section */

/* Begin PBXTargetDependency section */
		CA33EE79237EF41600B5D09F /* PBXTargetDependency */ = {
			isa = PBXTargetDependency;
			target = CA33EE35237ACA1500B5D09F /* Calculator */;
			targetProxy = CA33EE78237EF41600B5D09F /* PBXContainerItemProxy */;
		};
/* End PBXTargetDependency section */

/* Begin PBXVariantGroup section */
		CA33EE44237ACA1A00B5D09F /* LaunchScreen.storyboard */ = {
			isa = PBXVariantGroup;
			children = (
				CA33EE45237ACA1A00B5D09F /* Base */,
			);
			name = LaunchScreen.storyboard;
			sourceTree = "<group>";
		};
/* End PBXVariantGroup section */

/* Begin XCBuildConfiguration section */
		CA33EE48237ACA1A00B5D09F /* Debug */ = {
			isa = XCBuildConfiguration;
			buildSettings = {
				ALWAYS_SEARCH_USER_PATHS = NO;
				CLANG_ANALYZER_NONNULL = YES;
				CLANG_ANALYZER_NUMBER_OBJECT_CONVERSION = YES_AGGRESSIVE;
				CLANG_CXX_LANGUAGE_STANDARD = "gnu++14";
				CLANG_CXX_LIBRARY = "libc++";
				CLANG_ENABLE_MODULES = YES;
				CLANG_ENABLE_OBJC_ARC = YES;
				CLANG_ENABLE_OBJC_WEAK = YES;
				CLANG_WARN_BLOCK_CAPTURE_AUTORELEASING = YES;
				CLANG_WARN_BOOL_CONVERSION = YES;
				CLANG_WARN_COMMA = YES;
				CLANG_WARN_CONSTANT_CONVERSION = YES;
				CLANG_WARN_DEPRECATED_OBJC_IMPLEMENTATIONS = YES;
				CLANG_WARN_DIRECT_OBJC_ISA_USAGE = YES_ERROR;
				CLANG_WARN_DOCUMENTATION_COMMENTS = YES;
				CLANG_WARN_EMPTY_BODY = YES;
				CLANG_WARN_ENUM_CONVERSION = YES;
				CLANG_WARN_INFINITE_RECURSION = YES;
				CLANG_WARN_INT_CONVERSION = YES;
				CLANG_WARN_NON_LITERAL_NULL_CONVERSION = YES;
				CLANG_WARN_OBJC_IMPLICIT_RETAIN_SELF = YES;
				CLANG_WARN_OBJC_LITERAL_CONVERSION = YES;
				CLANG_WARN_OBJC_ROOT_CLASS = YES_ERROR;
				CLANG_WARN_RANGE_LOOP_ANALYSIS = YES;
				CLANG_WARN_STRICT_PROTOTYPES = YES;
				CLANG_WARN_SUSPICIOUS_MOVE = YES;
				CLANG_WARN_UNGUARDED_AVAILABILITY = YES_AGGRESSIVE;
				CLANG_WARN_UNREACHABLE_CODE = YES;
				CLANG_WARN__DUPLICATE_METHOD_MATCH = YES;
				COPY_PHASE_STRIP = NO;
				DEBUG_INFORMATION_FORMAT = dwarf;
				ENABLE_STRICT_OBJC_MSGSEND = YES;
				ENABLE_TESTABILITY = YES;
				GCC_C_LANGUAGE_STANDARD = gnu11;
				GCC_DYNAMIC_NO_PIC = NO;
				GCC_NO_COMMON_BLOCKS = YES;
				GCC_OPTIMIZATION_LEVEL = 0;
				GCC_PREPROCESSOR_DEFINITIONS = (
					"DEBUG=1",
					"$(inherited)",
				);
				GCC_WARN_64_TO_32_BIT_CONVERSION = YES;
				GCC_WARN_ABOUT_RETURN_TYPE = YES_ERROR;
				GCC_WARN_UNDECLARED_SELECTOR = YES;
				GCC_WARN_UNINITIALIZED_AUTOS = YES_AGGRESSIVE;
				GCC_WARN_UNUSED_FUNCTION = YES;
				GCC_WARN_UNUSED_VARIABLE = YES;
				IPHONEOS_DEPLOYMENT_TARGET = 10.0;
				MTL_ENABLE_DEBUG_INFO = INCLUDE_SOURCE;
				MTL_FAST_MATH = YES;
				ONLY_ACTIVE_ARCH = YES;
				SDKROOT = iphoneos;
				SWIFT_ACTIVE_COMPILATION_CONDITIONS = DEBUG;
				SWIFT_OPTIMIZATION_LEVEL = "-Onone";
			};
			name = Debug;
		};
		CA33EE49237ACA1A00B5D09F /* Release */ = {
			isa = XCBuildConfiguration;
			buildSettings = {
				ALWAYS_SEARCH_USER_PATHS = NO;
				CLANG_ANALYZER_NONNULL = YES;
				CLANG_ANALYZER_NUMBER_OBJECT_CONVERSION = YES_AGGRESSIVE;
				CLANG_CXX_LANGUAGE_STANDARD = "gnu++14";
				CLANG_CXX_LIBRARY = "libc++";
				CLANG_ENABLE_MODULES = YES;
				CLANG_ENABLE_OBJC_ARC = YES;
				CLANG_ENABLE_OBJC_WEAK = YES;
				CLANG_WARN_BLOCK_CAPTURE_AUTORELEASING = YES;
				CLANG_WARN_BOOL_CONVERSION = YES;
				CLANG_WARN_COMMA = YES;
				CLANG_WARN_CONSTANT_CONVERSION = YES;
				CLANG_WARN_DEPRECATED_OBJC_IMPLEMENTATIONS = YES;
				CLANG_WARN_DIRECT_OBJC_ISA_USAGE = YES_ERROR;
				CLANG_WARN_DOCUMENTATION_COMMENTS = YES;
				CLANG_WARN_EMPTY_BODY = YES;
				CLANG_WARN_ENUM_CONVERSION = YES;
				CLANG_WARN_INFINITE_RECURSION = YES;
				CLANG_WARN_INT_CONVERSION = YES;
				CLANG_WARN_NON_LITERAL_NULL_CONVERSION = YES;
				CLANG_WARN_OBJC_IMPLICIT_RETAIN_SELF = YES;
				CLANG_WARN_OBJC_LITERAL_CONVERSION = YES;
				CLANG_WARN_OBJC_ROOT_CLASS = YES_ERROR;
				CLANG_WARN_RANGE_LOOP_ANALYSIS = YES;
				CLANG_WARN_STRICT_PROTOTYPES = YES;
				CLANG_WARN_SUSPICIOUS_MOVE = YES;
				CLANG_WARN_UNGUARDED_AVAILABILITY = YES_AGGRESSIVE;
				CLANG_WARN_UNREACHABLE_CODE = YES;
				CLANG_WARN__DUPLICATE_METHOD_MATCH = YES;
				COPY_PHASE_STRIP = NO;
				DEBUG_INFORMATION_FORMAT = "dwarf-with-dsym";
				ENABLE_NS_ASSERTIONS = NO;
				ENABLE_STRICT_OBJC_MSGSEND = YES;
				GCC_C_LANGUAGE_STANDARD = gnu11;
				GCC_NO_COMMON_BLOCKS = YES;
				GCC_WARN_64_TO_32_BIT_CONVERSION = YES;
				GCC_WARN_ABOUT_RETURN_TYPE = YES_ERROR;
				GCC_WARN_UNDECLARED_SELECTOR = YES;
				GCC_WARN_UNINITIALIZED_AUTOS = YES_AGGRESSIVE;
				GCC_WARN_UNUSED_FUNCTION = YES;
				GCC_WARN_UNUSED_VARIABLE = YES;
				IPHONEOS_DEPLOYMENT_TARGET = 10.0;
				MTL_ENABLE_DEBUG_INFO = NO;
				MTL_FAST_MATH = YES;
				SDKROOT = iphoneos;
				SWIFT_COMPILATION_MODE = wholemodule;
				SWIFT_OPTIMIZATION_LEVEL = "-O";
				VALIDATE_PRODUCT = YES;
			};
			name = Release;
		};
		CA33EE4B237ACA1A00B5D09F /* Debug */ = {
			isa = XCBuildConfiguration;
			baseConfigurationReference = 51A3557A67958599931DAAB0 /* Pods-Calculator.debug.xcconfig */;
			buildSettings = {
				ASSETCATALOG_COMPILER_APPICON_NAME = AppIcon;
				CODE_SIGN_STYLE = Automatic;
				DEVELOPMENT_TEAM = 8TTR7A9Y64;
				INFOPLIST_FILE = Calculator/SupportingFiles/Info.plist;
				IPHONEOS_DEPLOYMENT_TARGET = 10.0;
				LD_RUNPATH_SEARCH_PATHS = (
					"$(inherited)",
					"@executable_path/Frameworks",
				);
				PRODUCT_BUNDLE_IDENTIFIER = artemorlov.Calculator;
				PRODUCT_NAME = "$(TARGET_NAME)";
				SWIFT_VERSION = 5.0;
				TARGETED_DEVICE_FAMILY = 1;
			};
			name = Debug;
		};
		CA33EE4C237ACA1A00B5D09F /* Release */ = {
			isa = XCBuildConfiguration;
			baseConfigurationReference = A6B995DC6F11599123CDACE6 /* Pods-Calculator.release.xcconfig */;
			buildSettings = {
				ASSETCATALOG_COMPILER_APPICON_NAME = AppIcon;
				CODE_SIGN_STYLE = Automatic;
				DEVELOPMENT_TEAM = 8TTR7A9Y64;
				INFOPLIST_FILE = Calculator/SupportingFiles/Info.plist;
				IPHONEOS_DEPLOYMENT_TARGET = 10.0;
				LD_RUNPATH_SEARCH_PATHS = (
					"$(inherited)",
					"@executable_path/Frameworks",
				);
				PRODUCT_BUNDLE_IDENTIFIER = artemorlov.Calculator;
				PRODUCT_NAME = "$(TARGET_NAME)";
				SWIFT_VERSION = 5.0;
				TARGETED_DEVICE_FAMILY = 1;
			};
			name = Release;
		};
		CA33EE7A237EF41600B5D09F /* Debug */ = {
			isa = XCBuildConfiguration;
			baseConfigurationReference = 7F503E6E185ECBFF99BBD31C /* Pods-CalculatorTests.debug.xcconfig */;
			buildSettings = {
				BUNDLE_LOADER = "$(TEST_HOST)";
				CODE_SIGN_STYLE = Automatic;
				DEVELOPMENT_TEAM = 8TTR7A9Y64;
				INFOPLIST_FILE = CalculatorTests/Info.plist;
				LD_RUNPATH_SEARCH_PATHS = (
					"$(inherited)",
					"@executable_path/Frameworks",
					"@loader_path/Frameworks",
				);
				PRODUCT_BUNDLE_IDENTIFIER = artemorlov.CalculatorTests;
				PRODUCT_NAME = "$(TARGET_NAME)";
				SWIFT_VERSION = 5.0;
				TARGETED_DEVICE_FAMILY = "1,2";
				TEST_HOST = "$(BUILT_PRODUCTS_DIR)/Calculator.app/Calculator";
			};
			name = Debug;
		};
		CA33EE7B237EF41600B5D09F /* Release */ = {
			isa = XCBuildConfiguration;
			baseConfigurationReference = BA70F5370090042EEFEDA8C6 /* Pods-CalculatorTests.release.xcconfig */;
			buildSettings = {
				BUNDLE_LOADER = "$(TEST_HOST)";
				CODE_SIGN_STYLE = Automatic;
				DEVELOPMENT_TEAM = 8TTR7A9Y64;
				INFOPLIST_FILE = CalculatorTests/Info.plist;
				LD_RUNPATH_SEARCH_PATHS = (
					"$(inherited)",
					"@executable_path/Frameworks",
					"@loader_path/Frameworks",
				);
				PRODUCT_BUNDLE_IDENTIFIER = artemorlov.CalculatorTests;
				PRODUCT_NAME = "$(TARGET_NAME)";
				SWIFT_VERSION = 5.0;
				TARGETED_DEVICE_FAMILY = "1,2";
				TEST_HOST = "$(BUILT_PRODUCTS_DIR)/Calculator.app/Calculator";
			};
			name = Release;
		};
/* End XCBuildConfiguration section */

/* Begin XCConfigurationList section */
		CA33EE31237ACA1500B5D09F /* Build configuration list for PBXProject "Calculator" */ = {
			isa = XCConfigurationList;
			buildConfigurations = (
				CA33EE48237ACA1A00B5D09F /* Debug */,
				CA33EE49237ACA1A00B5D09F /* Release */,
			);
			defaultConfigurationIsVisible = 0;
			defaultConfigurationName = Release;
		};
		CA33EE4A237ACA1A00B5D09F /* Build configuration list for PBXNativeTarget "Calculator" */ = {
			isa = XCConfigurationList;
			buildConfigurations = (
				CA33EE4B237ACA1A00B5D09F /* Debug */,
				CA33EE4C237ACA1A00B5D09F /* Release */,
			);
			defaultConfigurationIsVisible = 0;
			defaultConfigurationName = Release;
		};
		CA33EE7C237EF41600B5D09F /* Build configuration list for PBXNativeTarget "CalculatorTests" */ = {
			isa = XCConfigurationList;
			buildConfigurations = (
				CA33EE7A237EF41600B5D09F /* Debug */,
				CA33EE7B237EF41600B5D09F /* Release */,
			);
			defaultConfigurationIsVisible = 0;
			defaultConfigurationName = Release;
		};
/* End XCConfigurationList section */
	};
	rootObject = CA33EE2E237ACA1500B5D09F /* Project object */;
}
